// !$*UTF8*$!
{
	archiveVersion = 1;
	classes = {
	};
	objectVersion = 51;
	objects = {

/* Begin PBXBuildFile section */
		0556E73A068B953DFDAAED9B /* Pods_FlatQuestion_FlatQuestionUITests.framework in Frameworks */ = {isa = PBXBuildFile; fileRef = DD97DF30063FF9D4556F8955 /* Pods_FlatQuestion_FlatQuestionUITests.framework */; };
		3E262A8E5859B4E5978E52ED /* Pods_FlatQuestionTests.framework in Frameworks */ = {isa = PBXBuildFile; fileRef = 47ACFFE37D36DDED35D76A8F /* Pods_FlatQuestionTests.framework */; };
		5811AFEB24A2A0E200BF8321 /* DateFormatterHelper.swift in Sources */ = {isa = PBXBuildFile; fileRef = 5811AFEA24A2A0E200BF8321 /* DateFormatterHelper.swift */; };
		5811AFED24A2AED300BF8321 /* Loadingable.swift in Sources */ = {isa = PBXBuildFile; fileRef = 5811AFEC24A2AED300BF8321 /* Loadingable.swift */; };
		5811AFEF24A2B11500BF8321 /* LoadingUtils.swift in Sources */ = {isa = PBXBuildFile; fileRef = 5811AFEE24A2B11500BF8321 /* LoadingUtils.swift */; };
		5811AFF524A2B7B100BF8321 /* Closable.swift in Sources */ = {isa = PBXBuildFile; fileRef = 5811AFF424A2B7B100BF8321 /* Closable.swift */; };
		583F9EF824BFC4090056A8E5 /* AcceptModalViewController.swift in Sources */ = {isa = PBXBuildFile; fileRef = 583F9EF624BFC4090056A8E5 /* AcceptModalViewController.swift */; };
		583F9EF924BFC4090056A8E5 /* AcceptModalViewController.xib in Resources */ = {isa = PBXBuildFile; fileRef = 583F9EF724BFC4090056A8E5 /* AcceptModalViewController.xib */; };
		583F9EFB24BFCBA90056A8E5 /* TransparentBackgrounfModalPresenter.swift in Sources */ = {isa = PBXBuildFile; fileRef = 583F9EFA24BFCBA90056A8E5 /* TransparentBackgrounfModalPresenter.swift */; };
		583F9EFE24BFD3B30056A8E5 /* SuccessViewController.swift in Sources */ = {isa = PBXBuildFile; fileRef = 583F9EFC24BFD3B30056A8E5 /* SuccessViewController.swift */; };
		583F9EFF24BFD3B30056A8E5 /* SuccessViewController.xib in Resources */ = {isa = PBXBuildFile; fileRef = 583F9EFD24BFD3B30056A8E5 /* SuccessViewController.xib */; };
		583F9F0124C0B5B60056A8E5 /* FlatRequestModel.swift in Sources */ = {isa = PBXBuildFile; fileRef = 583F9F0024C0B5B60056A8E5 /* FlatRequestModel.swift */; };
		584DB0BB24BD166500E1AFC9 /* UIViewController+Alert.swift in Sources */ = {isa = PBXBuildFile; fileRef = 584DB0BA24BD166500E1AFC9 /* UIViewController+Alert.swift */; };
		584DB0BD24BD16C800E1AFC9 /* GoogleMapsUtilsModels.swift in Sources */ = {isa = PBXBuildFile; fileRef = 584DB0BC24BD16C800E1AFC9 /* GoogleMapsUtilsModels.swift */; };
		584E8C7E24C11C0600B4EAE6 /* NotificationsViewController.swift in Sources */ = {isa = PBXBuildFile; fileRef = 584E8C7D24C11C0600B4EAE6 /* NotificationsViewController.swift */; };
		584E8C9024C3160E00B4EAE6 /* NotificationsTableViewCell.swift in Sources */ = {isa = PBXBuildFile; fileRef = 584E8C8E24C3160E00B4EAE6 /* NotificationsTableViewCell.swift */; };
		584E8C9124C3160E00B4EAE6 /* NotificationsTableViewCell.xib in Resources */ = {isa = PBXBuildFile; fileRef = 584E8C8F24C3160E00B4EAE6 /* NotificationsTableViewCell.xib */; };
		585B9BD32499730900976A05 /* Profile.storyboard in Resources */ = {isa = PBXBuildFile; fileRef = 585B9BD12499730900976A05 /* Profile.storyboard */; };
		585B9BD5249973A800976A05 /* Notifications.storyboard in Resources */ = {isa = PBXBuildFile; fileRef = 585B9BD4249973A800976A05 /* Notifications.storyboard */; };
		585B9BD8249973CD00976A05 /* Chat.storyboard in Resources */ = {isa = PBXBuildFile; fileRef = 585B9BD6249973CD00976A05 /* Chat.storyboard */; };
		585B9BDA2499758200976A05 /* CreateFlatViewController.swift in Sources */ = {isa = PBXBuildFile; fileRef = 585B9BD92499758200976A05 /* CreateFlatViewController.swift */; };
		585B9BE8249990F600976A05 /* Roboto-Black.ttf in Resources */ = {isa = PBXBuildFile; fileRef = 585B9BDB249990F400976A05 /* Roboto-Black.ttf */; };
		585B9BE9249990F600976A05 /* Roboto-LightItalic.ttf in Resources */ = {isa = PBXBuildFile; fileRef = 585B9BDC249990F400976A05 /* Roboto-LightItalic.ttf */; };
		585B9BEA249990F600976A05 /* Apache License.txt in Resources */ = {isa = PBXBuildFile; fileRef = 585B9BDD249990F400976A05 /* Apache License.txt */; };
		585B9BEB249990F600976A05 /* Roboto-Italic.ttf in Resources */ = {isa = PBXBuildFile; fileRef = 585B9BDE249990F500976A05 /* Roboto-Italic.ttf */; };
		585B9BEC249990F600976A05 /* Roboto-BlackItalic.ttf in Resources */ = {isa = PBXBuildFile; fileRef = 585B9BDF249990F500976A05 /* Roboto-BlackItalic.ttf */; };
		585B9BED249990F600976A05 /* Roboto-Bold.ttf in Resources */ = {isa = PBXBuildFile; fileRef = 585B9BE0249990F500976A05 /* Roboto-Bold.ttf */; };
		585B9BEE249990F600976A05 /* Roboto-MediumItalic.ttf in Resources */ = {isa = PBXBuildFile; fileRef = 585B9BE1249990F500976A05 /* Roboto-MediumItalic.ttf */; };
		585B9BEF249990F600976A05 /* Roboto-Medium.ttf in Resources */ = {isa = PBXBuildFile; fileRef = 585B9BE2249990F500976A05 /* Roboto-Medium.ttf */; };
		585B9BF0249990F600976A05 /* Roboto-ThinItalic.ttf in Resources */ = {isa = PBXBuildFile; fileRef = 585B9BE3249990F600976A05 /* Roboto-ThinItalic.ttf */; };
		585B9BF1249990F600976A05 /* Roboto-Regular.ttf in Resources */ = {isa = PBXBuildFile; fileRef = 585B9BE4249990F600976A05 /* Roboto-Regular.ttf */; };
		585B9BF2249990F600976A05 /* Roboto-BoldItalic.ttf in Resources */ = {isa = PBXBuildFile; fileRef = 585B9BE5249990F600976A05 /* Roboto-BoldItalic.ttf */; };
		585B9BF3249990F600976A05 /* Roboto-Thin.ttf in Resources */ = {isa = PBXBuildFile; fileRef = 585B9BE6249990F600976A05 /* Roboto-Thin.ttf */; };
		585B9BF4249990F600976A05 /* Roboto-Light.ttf in Resources */ = {isa = PBXBuildFile; fileRef = 585B9BE7249990F600976A05 /* Roboto-Light.ttf */; };
		586A9316249ABEDB0045CF92 /* WhiteGradientButton.swift in Sources */ = {isa = PBXBuildFile; fileRef = 586A9315249ABEDB0045CF92 /* WhiteGradientButton.swift */; };
		586B69EB247F2070008B456D /* TopMapFilterCollectionViewCell.swift in Sources */ = {isa = PBXBuildFile; fileRef = 586B69E9247F2070008B456D /* TopMapFilterCollectionViewCell.swift */; };
		586B69EC247F2070008B456D /* TopMapFilterCollectionViewCell.xib in Resources */ = {isa = PBXBuildFile; fileRef = 586B69EA247F2070008B456D /* TopMapFilterCollectionViewCell.xib */; };
		5882CFC624AA87FD00D8417E /* EditProfileViewController.swift in Sources */ = {isa = PBXBuildFile; fileRef = 5882CFC424AA87FC00D8417E /* EditProfileViewController.swift */; };
		5882CFC724AA87FD00D8417E /* EditProfileViewController.xib in Resources */ = {isa = PBXBuildFile; fileRef = 5882CFC524AA87FC00D8417E /* EditProfileViewController.xib */; };
		58877A5824B3E509005138B8 /* TimeIntervalExtension.swift in Sources */ = {isa = PBXBuildFile; fileRef = 58877A5724B3E509005138B8 /* TimeIntervalExtension.swift */; };
		588ED8A324A1777800659512 /* SearchViewController.swift in Sources */ = {isa = PBXBuildFile; fileRef = 588ED8A124A1777800659512 /* SearchViewController.swift */; };
		588ED8A424A1777800659512 /* SearchViewController.xib in Resources */ = {isa = PBXBuildFile; fileRef = 588ED8A224A1777800659512 /* SearchViewController.xib */; };
		5890182324774CF1001FBA21 /* TopMapSearchView.xib in Resources */ = {isa = PBXBuildFile; fileRef = 5890182224774CF1001FBA21 /* TopMapSearchView.xib */; };
		589018252477501B001FBA21 /* TopMapSearchView.swift in Sources */ = {isa = PBXBuildFile; fileRef = 589018242477501B001FBA21 /* TopMapSearchView.swift */; };
		589CC3AF246DEAF200D4E400 /* FlatModalViewController.swift in Sources */ = {isa = PBXBuildFile; fileRef = 589CC3AD246DEAF200D4E400 /* FlatModalViewController.swift */; };
		589CC3B0246DEAF200D4E400 /* FlatModalViewController.xib in Resources */ = {isa = PBXBuildFile; fileRef = 589CC3AE246DEAF200D4E400 /* FlatModalViewController.xib */; };
		58B4E3FA24A0010000DBC71F /* FireBaseHelper.swift in Sources */ = {isa = PBXBuildFile; fileRef = 58B4E3F924A0010000DBC71F /* FireBaseHelper.swift */; };
		58B8DAD2246B474100584B20 /* AppDelegate.swift in Sources */ = {isa = PBXBuildFile; fileRef = 58B8DAD1246B474100584B20 /* AppDelegate.swift */; };
		58B8DAD4246B474100584B20 /* SceneDelegate.swift in Sources */ = {isa = PBXBuildFile; fileRef = 58B8DAD3246B474100584B20 /* SceneDelegate.swift */; };
		58B8DAD6246B474100584B20 /* ViewController.swift in Sources */ = {isa = PBXBuildFile; fileRef = 58B8DAD5246B474100584B20 /* ViewController.swift */; };
		58B8DAD9246B474100584B20 /* Main.storyboard in Resources */ = {isa = PBXBuildFile; fileRef = 58B8DAD7246B474100584B20 /* Main.storyboard */; };
		58B8DADE246B474200584B20 /* LaunchScreen.storyboard in Resources */ = {isa = PBXBuildFile; fileRef = 58B8DADC246B474200584B20 /* LaunchScreen.storyboard */; };
		58B8DAE9246B474200584B20 /* FlatQuestionTests.swift in Sources */ = {isa = PBXBuildFile; fileRef = 58B8DAE8246B474200584B20 /* FlatQuestionTests.swift */; };
		58B8DAF4246B474200584B20 /* FlatQuestionUITests.swift in Sources */ = {isa = PBXBuildFile; fileRef = 58B8DAF3246B474200584B20 /* FlatQuestionUITests.swift */; };
		58B8DB06246B4D6C00584B20 /* Map.storyboard in Resources */ = {isa = PBXBuildFile; fileRef = 58B8DB04246B4D6C00584B20 /* Map.storyboard */; };
		58B8DB08246B60F100584B20 /* MapViewController.swift in Sources */ = {isa = PBXBuildFile; fileRef = 58B8DB07246B60F100584B20 /* MapViewController.swift */; };
		58B8DB0B246B66E100584B20 /* map.json in Resources */ = {isa = PBXBuildFile; fileRef = 58B8DB0A246B66E100584B20 /* map.json */; };
		58B8DB12246C9C8400584B20 /* FlatCardCollectionViewCell.swift in Sources */ = {isa = PBXBuildFile; fileRef = 58B8DB10246C9C8400584B20 /* FlatCardCollectionViewCell.swift */; };
		58B8DB13246C9C8400584B20 /* FlatCardCollectionViewCell.xib in Resources */ = {isa = PBXBuildFile; fileRef = 58B8DB11246C9C8400584B20 /* FlatCardCollectionViewCell.xib */; };
		58B8DB23246CA00600584B20 /* SFProDisplay-LightItalic.ttf in Resources */ = {isa = PBXBuildFile; fileRef = 58B8DB17246CA00500584B20 /* SFProDisplay-LightItalic.ttf */; };
		58B8DB24246CA00600584B20 /* SFProDisplay-Medium.ttf in Resources */ = {isa = PBXBuildFile; fileRef = 58B8DB18246CA00500584B20 /* SFProDisplay-Medium.ttf */; };
		58B8DB25246CA00600584B20 /* SFProDisplay-Bold.ttf in Resources */ = {isa = PBXBuildFile; fileRef = 58B8DB19246CA00500584B20 /* SFProDisplay-Bold.ttf */; };
		58B8DB26246CA00600584B20 /* SFProDisplay-MediumItalic.ttf in Resources */ = {isa = PBXBuildFile; fileRef = 58B8DB1A246CA00500584B20 /* SFProDisplay-MediumItalic.ttf */; };
		58B8DB27246CA00600584B20 /* SFProDisplay-HeavyItalic.ttf in Resources */ = {isa = PBXBuildFile; fileRef = 58B8DB1B246CA00500584B20 /* SFProDisplay-HeavyItalic.ttf */; };
		58B8DB28246CA00600584B20 /* SFProDisplay-BoldItalic.ttf in Resources */ = {isa = PBXBuildFile; fileRef = 58B8DB1C246CA00500584B20 /* SFProDisplay-BoldItalic.ttf */; };
		58B8DB29246CA00600584B20 /* SFProDisplay-Regular.ttf in Resources */ = {isa = PBXBuildFile; fileRef = 58B8DB1D246CA00600584B20 /* SFProDisplay-Regular.ttf */; };
		58B8DB2A246CA00600584B20 /* SFProDisplay-RegularItalic.ttf in Resources */ = {isa = PBXBuildFile; fileRef = 58B8DB1E246CA00600584B20 /* SFProDisplay-RegularItalic.ttf */; };
		58B8DB2B246CA00600584B20 /* SFProDisplay-Black.ttf in Resources */ = {isa = PBXBuildFile; fileRef = 58B8DB1F246CA00600584B20 /* SFProDisplay-Black.ttf */; };
		58B8DB2C246CA00600584B20 /* SFProDisplay-Light.ttf in Resources */ = {isa = PBXBuildFile; fileRef = 58B8DB20246CA00600584B20 /* SFProDisplay-Light.ttf */; };
		58B8DB2D246CA00600584B20 /* SFProDisplay-Heavy.ttf in Resources */ = {isa = PBXBuildFile; fileRef = 58B8DB21246CA00600584B20 /* SFProDisplay-Heavy.ttf */; };
		58B8DB2E246CA00600584B20 /* SFProDisplay-BlackItalic.ttf in Resources */ = {isa = PBXBuildFile; fileRef = 58B8DB22246CA00600584B20 /* SFProDisplay-BlackItalic.ttf */; };
		58B8DB30246CA99000584B20 /* Flat.swift in Sources */ = {isa = PBXBuildFile; fileRef = 58B8DB2F246CA99000584B20 /* Flat.swift */; };
		58B8DB33246CADA700584B20 /* ReuseIdentifierProtocol.swift in Sources */ = {isa = PBXBuildFile; fileRef = 58B8DB32246CADA700584B20 /* ReuseIdentifierProtocol.swift */; };
		58BA65CB2496CAE70001BE1E /* MainMenuTabBar.swift in Sources */ = {isa = PBXBuildFile; fileRef = 58BA65CA2496CAE60001BE1E /* MainMenuTabBar.swift */; };
		58BA65CD2496CB8D0001BE1E /* MainTabBarController.swift in Sources */ = {isa = PBXBuildFile; fileRef = 58BA65CC2496CB8D0001BE1E /* MainTabBarController.swift */; };
		58BABF2124A414B400F0C287 /* IconView.xib in Resources */ = {isa = PBXBuildFile; fileRef = 58BABF2024A414B300F0C287 /* IconView.xib */; };
		58BABF2324A4170100F0C287 /* IconView.swift in Sources */ = {isa = PBXBuildFile; fileRef = 58BABF2224A4170100F0C287 /* IconView.swift */; };
		58BAFE6E24A4012600B9A4A8 /* UIViewControllerExtentions.swift in Sources */ = {isa = PBXBuildFile; fileRef = 58BAFE6D24A4012600B9A4A8 /* UIViewControllerExtentions.swift */; };
		58D5397624B5FF9D00F1ED4C /* Localizable.strings in Resources */ = {isa = PBXBuildFile; fileRef = 58D5397824B5FF9D00F1ED4C /* Localizable.strings */; };
		58D5397C24B602B100F1ED4C /* String+Localization.swift in Sources */ = {isa = PBXBuildFile; fileRef = 58D5397B24B602B100F1ED4C /* String+Localization.swift */; };
		58E62CB32492D9F0006B0DCF /* DarkGradientButton.swift in Sources */ = {isa = PBXBuildFile; fileRef = 58E62CB22492D9F0006B0DCF /* DarkGradientButton.swift */; };
		58E62CB52492DBF4006B0DCF /* UIView+gradient.swift in Sources */ = {isa = PBXBuildFile; fileRef = 58E62CB42492DBF4006B0DCF /* UIView+gradient.swift */; };
		58E62CB72492DDE1006B0DCF /* UIColor+Hex.swift in Sources */ = {isa = PBXBuildFile; fileRef = 58E62CB62492DDE1006B0DCF /* UIColor+Hex.swift */; };
		58E62CB92492E459006B0DCF /* UIView+CornerShadow.swift in Sources */ = {isa = PBXBuildFile; fileRef = 58E62CB82492E459006B0DCF /* UIView+CornerShadow.swift */; };
		58F06B3624C4F7B400A23520 /* FlatModel.swift in Sources */ = {isa = PBXBuildFile; fileRef = 58B4E3FB24A00D8A00DBC71F /* FlatModel.swift */; };
		58F241B224734E8100F56681 /* FlatPhotoCollectionViewCell.swift in Sources */ = {isa = PBXBuildFile; fileRef = 58F241B024734E8100F56681 /* FlatPhotoCollectionViewCell.swift */; };
		58F241B324734E8100F56681 /* FlatPhotoCollectionViewCell.xib in Resources */ = {isa = PBXBuildFile; fileRef = 58F241B124734E8100F56681 /* FlatPhotoCollectionViewCell.xib */; };
		58F241C124749DB200F56681 /* Assets.xcassets in Resources */ = {isa = PBXBuildFile; fileRef = 58B8DADA246B474200584B20 /* Assets.xcassets */; };
		58F241CB2475F05100F56681 /* FlatDescriptionTableViewCell.swift in Sources */ = {isa = PBXBuildFile; fileRef = 58F241C92475F05100F56681 /* FlatDescriptionTableViewCell.swift */; };
		58F241CC2475F05100F56681 /* FlatDescriptionTableViewCell.xib in Resources */ = {isa = PBXBuildFile; fileRef = 58F241CA2475F05100F56681 /* FlatDescriptionTableViewCell.xib */; };
		8B69C140BCB0FC9EF701D193 /* Pods_FlatQuestion.framework in Frameworks */ = {isa = PBXBuildFile; fileRef = 2480035DB96377F75447C64A /* Pods_FlatQuestion.framework */; };
		FA063E6D247D820300CBF52A /* VkUser.swift in Sources */ = {isa = PBXBuildFile; fileRef = FA063E6C247D820300CBF52A /* VkUser.swift */; };
		FA063E6F247D8AA900CBF52A /* AppUser.swift in Sources */ = {isa = PBXBuildFile; fileRef = FA063E6E247D8AA900CBF52A /* AppUser.swift */; };
		FA063E71247D90AA00CBF52A /* UIViewControllerExtensions.swift in Sources */ = {isa = PBXBuildFile; fileRef = FA063E70247D90AA00CBF52A /* UIViewControllerExtensions.swift */; };
		FA35BCB424C0F62400703FAE /* StringExtensions.swift in Sources */ = {isa = PBXBuildFile; fileRef = FA35BCB324C0F62400703FAE /* StringExtensions.swift */; };
		FA35BCB624C0F82A00703FAE /* NSObjectExtensions.swift in Sources */ = {isa = PBXBuildFile; fileRef = FA35BCB524C0F82A00703FAE /* NSObjectExtensions.swift */; };
		FA3766C1247328930052DB9B /* LoginViewController.swift in Sources */ = {isa = PBXBuildFile; fileRef = FA3766BF247328930052DB9B /* LoginViewController.swift */; };
		FA3766C2247328930052DB9B /* LoginViewController.xib in Resources */ = {isa = PBXBuildFile; fileRef = FA3766C0247328930052DB9B /* LoginViewController.xib */; };
		FA3766C524732DEC0052DB9B /* RegistrationViewController.swift in Sources */ = {isa = PBXBuildFile; fileRef = FA3766C324732DEC0052DB9B /* RegistrationViewController.swift */; };
		FA3766C624732DEC0052DB9B /* RegistrationViewController.xib in Resources */ = {isa = PBXBuildFile; fileRef = FA3766C424732DEC0052DB9B /* RegistrationViewController.xib */; };
		FA3E30252492CFAE0089290F /* Constants.swift in Sources */ = {isa = PBXBuildFile; fileRef = FA3E30242492CFAE0089290F /* Constants.swift */; };
		FA59DC5424A9212F0057FD25 /* ProfileViewController.swift in Sources */ = {isa = PBXBuildFile; fileRef = FA59DC5324A9212F0057FD25 /* ProfileViewController.swift */; };
		FA88D4E72475DDB9005DA624 /* SwiftyJson.swift in Sources */ = {isa = PBXBuildFile; fileRef = FA88D4E62475DDB9005DA624 /* SwiftyJson.swift */; };
		FAA22EB624903A80004C4ACC /* ActivityIndicatorHelper.swift in Sources */ = {isa = PBXBuildFile; fileRef = FAA22EB524903A80004C4ACC /* ActivityIndicatorHelper.swift */; };
		FAA64E1F24BFAA9D0080FAE1 /* CommentTableViewCell.swift in Sources */ = {isa = PBXBuildFile; fileRef = FAA64E1D24BFAA9D0080FAE1 /* CommentTableViewCell.swift */; };
		FAA64E2024BFAA9D0080FAE1 /* CommentTableViewCell.xib in Resources */ = {isa = PBXBuildFile; fileRef = FAA64E1E24BFAA9D0080FAE1 /* CommentTableViewCell.xib */; };
		FAAB900B249AC7C000E38C98 /* UserSettings.swift in Sources */ = {isa = PBXBuildFile; fileRef = FAAB900A249AC7C000E38C98 /* UserSettings.swift */; };
		FAAB900D249AC97700E38C98 /* DecodeHelper.swift in Sources */ = {isa = PBXBuildFile; fileRef = FAAB900C249AC97700E38C98 /* DecodeHelper.swift */; };
		FAB4025024BCEDA500B20653 /* Comment.swift in Sources */ = {isa = PBXBuildFile; fileRef = FAB4024F24BCEDA500B20653 /* Comment.swift */; };
		FAB4025224BCF12800B20653 /* Rate.swift in Sources */ = {isa = PBXBuildFile; fileRef = FAB4025124BCF12800B20653 /* Rate.swift */; };
		FAC45F3B2474459A00BBA016 /* GoogleService-Info.plist in Resources */ = {isa = PBXBuildFile; fileRef = FAC45F3A2474459A00BBA016 /* GoogleService-Info.plist */; };
		FADD4DBA247F12FD0055FCB1 /* ResetPasswordViewController.swift in Sources */ = {isa = PBXBuildFile; fileRef = FADD4DB8247F12FD0055FCB1 /* ResetPasswordViewController.swift */; };
		FADD4DBB247F12FD0055FCB1 /* ResetPasswordViewController.xib in Resources */ = {isa = PBXBuildFile; fileRef = FADD4DB9247F12FD0055FCB1 /* ResetPasswordViewController.xib */; };
		FAE40EF72482ED850097879E /* PaddedTextField.swift in Sources */ = {isa = PBXBuildFile; fileRef = FAE40EF62482ED850097879E /* PaddedTextField.swift */; };
		FAE40EF92482EFBE0097879E /* UIViewExtensions.swift in Sources */ = {isa = PBXBuildFile; fileRef = FAE40EF82482EFBE0097879E /* UIViewExtensions.swift */; };
		FAE40EFB2482FBEA0097879E /* UIColorExtensions.swift in Sources */ = {isa = PBXBuildFile; fileRef = FAE40EFA2482FBEA0097879E /* UIColorExtensions.swift */; };
/* End PBXBuildFile section */

/* Begin PBXContainerItemProxy section */
		58B8DAE5246B474200584B20 /* PBXContainerItemProxy */ = {
			isa = PBXContainerItemProxy;
			containerPortal = 58B8DAC6246B474100584B20 /* Project object */;
			proxyType = 1;
			remoteGlobalIDString = 58B8DACD246B474100584B20;
			remoteInfo = FlatQuestion;
		};
		58B8DAF0246B474200584B20 /* PBXContainerItemProxy */ = {
			isa = PBXContainerItemProxy;
			containerPortal = 58B8DAC6246B474100584B20 /* Project object */;
			proxyType = 1;
			remoteGlobalIDString = 58B8DACD246B474100584B20;
			remoteInfo = FlatQuestion;
		};
/* End PBXContainerItemProxy section */

/* Begin PBXFileReference section */
		2480035DB96377F75447C64A /* Pods_FlatQuestion.framework */ = {isa = PBXFileReference; explicitFileType = wrapper.framework; includeInIndex = 0; path = Pods_FlatQuestion.framework; sourceTree = BUILT_PRODUCTS_DIR; };
		3B6034952C0FB0C43A06DAF9 /* Pods-FlatQuestionTests.release.xcconfig */ = {isa = PBXFileReference; includeInIndex = 1; lastKnownFileType = text.xcconfig; name = "Pods-FlatQuestionTests.release.xcconfig"; path = "Target Support Files/Pods-FlatQuestionTests/Pods-FlatQuestionTests.release.xcconfig"; sourceTree = "<group>"; };
		47ACFFE37D36DDED35D76A8F /* Pods_FlatQuestionTests.framework */ = {isa = PBXFileReference; explicitFileType = wrapper.framework; includeInIndex = 0; path = Pods_FlatQuestionTests.framework; sourceTree = BUILT_PRODUCTS_DIR; };
		4954ACF5F255F19985DC1012 /* Pods-FlatQuestion.release.xcconfig */ = {isa = PBXFileReference; includeInIndex = 1; lastKnownFileType = text.xcconfig; name = "Pods-FlatQuestion.release.xcconfig"; path = "Target Support Files/Pods-FlatQuestion/Pods-FlatQuestion.release.xcconfig"; sourceTree = "<group>"; };
		4B12B0AC463ED6DC74DFB6B5 /* Pods-FlatQuestion.debug.xcconfig */ = {isa = PBXFileReference; includeInIndex = 1; lastKnownFileType = text.xcconfig; name = "Pods-FlatQuestion.debug.xcconfig"; path = "Target Support Files/Pods-FlatQuestion/Pods-FlatQuestion.debug.xcconfig"; sourceTree = "<group>"; };
		5811AFEA24A2A0E200BF8321 /* DateFormatterHelper.swift */ = {isa = PBXFileReference; lastKnownFileType = sourcecode.swift; path = DateFormatterHelper.swift; sourceTree = "<group>"; };
		5811AFEC24A2AED300BF8321 /* Loadingable.swift */ = {isa = PBXFileReference; lastKnownFileType = sourcecode.swift; path = Loadingable.swift; sourceTree = "<group>"; };
		5811AFEE24A2B11500BF8321 /* LoadingUtils.swift */ = {isa = PBXFileReference; lastKnownFileType = sourcecode.swift; path = LoadingUtils.swift; sourceTree = "<group>"; };
		5811AFF424A2B7B100BF8321 /* Closable.swift */ = {isa = PBXFileReference; lastKnownFileType = sourcecode.swift; path = Closable.swift; sourceTree = "<group>"; };
		583F5FCF2471E923000F9ACF /* Alamofire.framework */ = {isa = PBXFileReference; explicitFileType = wrapper.framework; path = Alamofire.framework; sourceTree = BUILT_PRODUCTS_DIR; };
		583F9EF624BFC4090056A8E5 /* AcceptModalViewController.swift */ = {isa = PBXFileReference; lastKnownFileType = sourcecode.swift; path = AcceptModalViewController.swift; sourceTree = "<group>"; };
		583F9EF724BFC4090056A8E5 /* AcceptModalViewController.xib */ = {isa = PBXFileReference; lastKnownFileType = file.xib; path = AcceptModalViewController.xib; sourceTree = "<group>"; };
		583F9EFA24BFCBA90056A8E5 /* TransparentBackgrounfModalPresenter.swift */ = {isa = PBXFileReference; lastKnownFileType = sourcecode.swift; path = TransparentBackgrounfModalPresenter.swift; sourceTree = "<group>"; };
		583F9EFC24BFD3B30056A8E5 /* SuccessViewController.swift */ = {isa = PBXFileReference; lastKnownFileType = sourcecode.swift; path = SuccessViewController.swift; sourceTree = "<group>"; };
		583F9EFD24BFD3B30056A8E5 /* SuccessViewController.xib */ = {isa = PBXFileReference; lastKnownFileType = file.xib; path = SuccessViewController.xib; sourceTree = "<group>"; };
		583F9F0024C0B5B60056A8E5 /* FlatRequestModel.swift */ = {isa = PBXFileReference; lastKnownFileType = sourcecode.swift; path = FlatRequestModel.swift; sourceTree = "<group>"; };
		584DB0BA24BD166500E1AFC9 /* UIViewController+Alert.swift */ = {isa = PBXFileReference; lastKnownFileType = sourcecode.swift; path = "UIViewController+Alert.swift"; sourceTree = "<group>"; };
		584DB0BC24BD16C800E1AFC9 /* GoogleMapsUtilsModels.swift */ = {isa = PBXFileReference; lastKnownFileType = sourcecode.swift; path = GoogleMapsUtilsModels.swift; sourceTree = "<group>"; };
		584E8C7D24C11C0600B4EAE6 /* NotificationsViewController.swift */ = {isa = PBXFileReference; lastKnownFileType = sourcecode.swift; path = NotificationsViewController.swift; sourceTree = "<group>"; };
		584E8C8E24C3160E00B4EAE6 /* NotificationsTableViewCell.swift */ = {isa = PBXFileReference; lastKnownFileType = sourcecode.swift; path = NotificationsTableViewCell.swift; sourceTree = "<group>"; };
		584E8C8F24C3160E00B4EAE6 /* NotificationsTableViewCell.xib */ = {isa = PBXFileReference; lastKnownFileType = file.xib; path = NotificationsTableViewCell.xib; sourceTree = "<group>"; };
		585B9BD22499730900976A05 /* Base */ = {isa = PBXFileReference; lastKnownFileType = file.storyboard; name = Base; path = Base.lproj/Profile.storyboard; sourceTree = "<group>"; };
		585B9BD4249973A800976A05 /* Notifications.storyboard */ = {isa = PBXFileReference; fileEncoding = 4; lastKnownFileType = file.storyboard; path = Notifications.storyboard; sourceTree = SOURCE_ROOT; };
		585B9BD7249973CD00976A05 /* Base */ = {isa = PBXFileReference; lastKnownFileType = file.storyboard; name = Base; path = Base.lproj/Chat.storyboard; sourceTree = "<group>"; };
		585B9BD92499758200976A05 /* CreateFlatViewController.swift */ = {isa = PBXFileReference; lastKnownFileType = sourcecode.swift; path = CreateFlatViewController.swift; sourceTree = "<group>"; };
		585B9BDB249990F400976A05 /* Roboto-Black.ttf */ = {isa = PBXFileReference; lastKnownFileType = file; path = "Roboto-Black.ttf"; sourceTree = "<group>"; };
		585B9BDC249990F400976A05 /* Roboto-LightItalic.ttf */ = {isa = PBXFileReference; lastKnownFileType = file; path = "Roboto-LightItalic.ttf"; sourceTree = "<group>"; };
		585B9BDD249990F400976A05 /* Apache License.txt */ = {isa = PBXFileReference; fileEncoding = 4; lastKnownFileType = text; path = "Apache License.txt"; sourceTree = "<group>"; };
		585B9BDE249990F500976A05 /* Roboto-Italic.ttf */ = {isa = PBXFileReference; lastKnownFileType = file; path = "Roboto-Italic.ttf"; sourceTree = "<group>"; };
		585B9BDF249990F500976A05 /* Roboto-BlackItalic.ttf */ = {isa = PBXFileReference; lastKnownFileType = file; path = "Roboto-BlackItalic.ttf"; sourceTree = "<group>"; };
		585B9BE0249990F500976A05 /* Roboto-Bold.ttf */ = {isa = PBXFileReference; lastKnownFileType = file; path = "Roboto-Bold.ttf"; sourceTree = "<group>"; };
		585B9BE1249990F500976A05 /* Roboto-MediumItalic.ttf */ = {isa = PBXFileReference; lastKnownFileType = file; path = "Roboto-MediumItalic.ttf"; sourceTree = "<group>"; };
		585B9BE2249990F500976A05 /* Roboto-Medium.ttf */ = {isa = PBXFileReference; lastKnownFileType = file; path = "Roboto-Medium.ttf"; sourceTree = "<group>"; };
		585B9BE3249990F600976A05 /* Roboto-ThinItalic.ttf */ = {isa = PBXFileReference; lastKnownFileType = file; path = "Roboto-ThinItalic.ttf"; sourceTree = "<group>"; };
		585B9BE4249990F600976A05 /* Roboto-Regular.ttf */ = {isa = PBXFileReference; lastKnownFileType = file; path = "Roboto-Regular.ttf"; sourceTree = "<group>"; };
		585B9BE5249990F600976A05 /* Roboto-BoldItalic.ttf */ = {isa = PBXFileReference; lastKnownFileType = file; path = "Roboto-BoldItalic.ttf"; sourceTree = "<group>"; };
		585B9BE6249990F600976A05 /* Roboto-Thin.ttf */ = {isa = PBXFileReference; lastKnownFileType = file; path = "Roboto-Thin.ttf"; sourceTree = "<group>"; };
		585B9BE7249990F600976A05 /* Roboto-Light.ttf */ = {isa = PBXFileReference; lastKnownFileType = file; path = "Roboto-Light.ttf"; sourceTree = "<group>"; };
		586A9315249ABEDB0045CF92 /* WhiteGradientButton.swift */ = {isa = PBXFileReference; lastKnownFileType = sourcecode.swift; path = WhiteGradientButton.swift; sourceTree = "<group>"; };
		586B69E9247F2070008B456D /* TopMapFilterCollectionViewCell.swift */ = {isa = PBXFileReference; lastKnownFileType = sourcecode.swift; path = TopMapFilterCollectionViewCell.swift; sourceTree = "<group>"; };
		586B69EA247F2070008B456D /* TopMapFilterCollectionViewCell.xib */ = {isa = PBXFileReference; lastKnownFileType = file.xib; path = TopMapFilterCollectionViewCell.xib; sourceTree = "<group>"; };
		5882CFC424AA87FC00D8417E /* EditProfileViewController.swift */ = {isa = PBXFileReference; lastKnownFileType = sourcecode.swift; path = EditProfileViewController.swift; sourceTree = "<group>"; };
		5882CFC524AA87FC00D8417E /* EditProfileViewController.xib */ = {isa = PBXFileReference; lastKnownFileType = file.xib; path = EditProfileViewController.xib; sourceTree = "<group>"; };
		58877A5724B3E509005138B8 /* TimeIntervalExtension.swift */ = {isa = PBXFileReference; lastKnownFileType = sourcecode.swift; path = TimeIntervalExtension.swift; sourceTree = "<group>"; };
		588ED8A124A1777800659512 /* SearchViewController.swift */ = {isa = PBXFileReference; lastKnownFileType = sourcecode.swift; path = SearchViewController.swift; sourceTree = "<group>"; };
		588ED8A224A1777800659512 /* SearchViewController.xib */ = {isa = PBXFileReference; lastKnownFileType = file.xib; path = SearchViewController.xib; sourceTree = "<group>"; };
		5890182224774CF1001FBA21 /* TopMapSearchView.xib */ = {isa = PBXFileReference; lastKnownFileType = file.xib; path = TopMapSearchView.xib; sourceTree = "<group>"; };
		589018242477501B001FBA21 /* TopMapSearchView.swift */ = {isa = PBXFileReference; lastKnownFileType = sourcecode.swift; path = TopMapSearchView.swift; sourceTree = "<group>"; };
		589CC3AD246DEAF200D4E400 /* FlatModalViewController.swift */ = {isa = PBXFileReference; lastKnownFileType = sourcecode.swift; path = FlatModalViewController.swift; sourceTree = "<group>"; };
		589CC3AE246DEAF200D4E400 /* FlatModalViewController.xib */ = {isa = PBXFileReference; lastKnownFileType = file.xib; path = FlatModalViewController.xib; sourceTree = "<group>"; };
		589CC3B1246DEC4800D4E400 /* SPStorkController.framework */ = {isa = PBXFileReference; explicitFileType = wrapper.framework; path = SPStorkController.framework; sourceTree = BUILT_PRODUCTS_DIR; };
		589CC3B5246DECCE00D4E400 /* SPStorkController.framework */ = {isa = PBXFileReference; explicitFileType = wrapper.framework; path = SPStorkController.framework; sourceTree = BUILT_PRODUCTS_DIR; };
		58B4E3F924A0010000DBC71F /* FireBaseHelper.swift */ = {isa = PBXFileReference; lastKnownFileType = sourcecode.swift; path = FireBaseHelper.swift; sourceTree = "<group>"; };
		58B4E3FB24A00D8A00DBC71F /* FlatModel.swift */ = {isa = PBXFileReference; lastKnownFileType = sourcecode.swift; path = FlatModel.swift; sourceTree = "<group>"; };
		58B8DACE246B474100584B20 /* FlatQuestion.app */ = {isa = PBXFileReference; explicitFileType = wrapper.application; includeInIndex = 0; path = FlatQuestion.app; sourceTree = BUILT_PRODUCTS_DIR; };
		58B8DAD1246B474100584B20 /* AppDelegate.swift */ = {isa = PBXFileReference; lastKnownFileType = sourcecode.swift; path = AppDelegate.swift; sourceTree = "<group>"; };
		58B8DAD3246B474100584B20 /* SceneDelegate.swift */ = {isa = PBXFileReference; lastKnownFileType = sourcecode.swift; path = SceneDelegate.swift; sourceTree = "<group>"; };
		58B8DAD5246B474100584B20 /* ViewController.swift */ = {isa = PBXFileReference; lastKnownFileType = sourcecode.swift; path = ViewController.swift; sourceTree = "<group>"; };
		58B8DAD8246B474100584B20 /* Base */ = {isa = PBXFileReference; lastKnownFileType = file.storyboard; name = Base; path = Base.lproj/Main.storyboard; sourceTree = "<group>"; };
		58B8DADA246B474200584B20 /* Assets.xcassets */ = {isa = PBXFileReference; lastKnownFileType = folder.assetcatalog; path = Assets.xcassets; sourceTree = "<group>"; };
		58B8DADD246B474200584B20 /* Base */ = {isa = PBXFileReference; lastKnownFileType = file.storyboard; name = Base; path = Base.lproj/LaunchScreen.storyboard; sourceTree = "<group>"; };
		58B8DADF246B474200584B20 /* Info.plist */ = {isa = PBXFileReference; lastKnownFileType = text.plist.xml; path = Info.plist; sourceTree = "<group>"; };
		58B8DAE4246B474200584B20 /* FlatQuestionTests.xctest */ = {isa = PBXFileReference; explicitFileType = wrapper.cfbundle; includeInIndex = 0; path = FlatQuestionTests.xctest; sourceTree = BUILT_PRODUCTS_DIR; };
		58B8DAE8246B474200584B20 /* FlatQuestionTests.swift */ = {isa = PBXFileReference; lastKnownFileType = sourcecode.swift; path = FlatQuestionTests.swift; sourceTree = "<group>"; };
		58B8DAEA246B474200584B20 /* Info.plist */ = {isa = PBXFileReference; lastKnownFileType = text.plist.xml; path = Info.plist; sourceTree = "<group>"; };
		58B8DAEF246B474200584B20 /* FlatQuestionUITests.xctest */ = {isa = PBXFileReference; explicitFileType = wrapper.cfbundle; includeInIndex = 0; path = FlatQuestionUITests.xctest; sourceTree = BUILT_PRODUCTS_DIR; };
		58B8DAF3246B474200584B20 /* FlatQuestionUITests.swift */ = {isa = PBXFileReference; lastKnownFileType = sourcecode.swift; path = FlatQuestionUITests.swift; sourceTree = "<group>"; };
		58B8DAF5246B474200584B20 /* Info.plist */ = {isa = PBXFileReference; lastKnownFileType = text.plist.xml; path = Info.plist; sourceTree = "<group>"; };
		58B8DB05246B4D6C00584B20 /* Base */ = {isa = PBXFileReference; lastKnownFileType = file.storyboard; name = Base; path = FlatQuestion/Base.lproj/Map.storyboard; sourceTree = "<group>"; };
		58B8DB07246B60F100584B20 /* MapViewController.swift */ = {isa = PBXFileReference; lastKnownFileType = sourcecode.swift; path = MapViewController.swift; sourceTree = "<group>"; };
		58B8DB0A246B66E100584B20 /* map.json */ = {isa = PBXFileReference; lastKnownFileType = text.json; path = map.json; sourceTree = "<group>"; };
		58B8DB10246C9C8400584B20 /* FlatCardCollectionViewCell.swift */ = {isa = PBXFileReference; lastKnownFileType = sourcecode.swift; path = FlatCardCollectionViewCell.swift; sourceTree = "<group>"; };
		58B8DB11246C9C8400584B20 /* FlatCardCollectionViewCell.xib */ = {isa = PBXFileReference; lastKnownFileType = file.xib; path = FlatCardCollectionViewCell.xib; sourceTree = "<group>"; };
		58B8DB17246CA00500584B20 /* SFProDisplay-LightItalic.ttf */ = {isa = PBXFileReference; lastKnownFileType = file; path = "SFProDisplay-LightItalic.ttf"; sourceTree = "<group>"; };
		58B8DB18246CA00500584B20 /* SFProDisplay-Medium.ttf */ = {isa = PBXFileReference; lastKnownFileType = file; path = "SFProDisplay-Medium.ttf"; sourceTree = "<group>"; };
		58B8DB19246CA00500584B20 /* SFProDisplay-Bold.ttf */ = {isa = PBXFileReference; lastKnownFileType = file; path = "SFProDisplay-Bold.ttf"; sourceTree = "<group>"; };
		58B8DB1A246CA00500584B20 /* SFProDisplay-MediumItalic.ttf */ = {isa = PBXFileReference; lastKnownFileType = file; path = "SFProDisplay-MediumItalic.ttf"; sourceTree = "<group>"; };
		58B8DB1B246CA00500584B20 /* SFProDisplay-HeavyItalic.ttf */ = {isa = PBXFileReference; lastKnownFileType = file; path = "SFProDisplay-HeavyItalic.ttf"; sourceTree = "<group>"; };
		58B8DB1C246CA00500584B20 /* SFProDisplay-BoldItalic.ttf */ = {isa = PBXFileReference; lastKnownFileType = file; path = "SFProDisplay-BoldItalic.ttf"; sourceTree = "<group>"; };
		58B8DB1D246CA00600584B20 /* SFProDisplay-Regular.ttf */ = {isa = PBXFileReference; lastKnownFileType = file; path = "SFProDisplay-Regular.ttf"; sourceTree = "<group>"; };
		58B8DB1E246CA00600584B20 /* SFProDisplay-RegularItalic.ttf */ = {isa = PBXFileReference; lastKnownFileType = file; path = "SFProDisplay-RegularItalic.ttf"; sourceTree = "<group>"; };
		58B8DB1F246CA00600584B20 /* SFProDisplay-Black.ttf */ = {isa = PBXFileReference; lastKnownFileType = file; path = "SFProDisplay-Black.ttf"; sourceTree = "<group>"; };
		58B8DB20246CA00600584B20 /* SFProDisplay-Light.ttf */ = {isa = PBXFileReference; lastKnownFileType = file; path = "SFProDisplay-Light.ttf"; sourceTree = "<group>"; };
		58B8DB21246CA00600584B20 /* SFProDisplay-Heavy.ttf */ = {isa = PBXFileReference; lastKnownFileType = file; path = "SFProDisplay-Heavy.ttf"; sourceTree = "<group>"; };
		58B8DB22246CA00600584B20 /* SFProDisplay-BlackItalic.ttf */ = {isa = PBXFileReference; lastKnownFileType = file; path = "SFProDisplay-BlackItalic.ttf"; sourceTree = "<group>"; };
		58B8DB2F246CA99000584B20 /* Flat.swift */ = {isa = PBXFileReference; lastKnownFileType = sourcecode.swift; path = Flat.swift; sourceTree = "<group>"; };
		58B8DB32246CADA700584B20 /* ReuseIdentifierProtocol.swift */ = {isa = PBXFileReference; lastKnownFileType = sourcecode.swift; path = ReuseIdentifierProtocol.swift; sourceTree = "<group>"; };
		58BA65CA2496CAE60001BE1E /* MainMenuTabBar.swift */ = {isa = PBXFileReference; lastKnownFileType = sourcecode.swift; path = MainMenuTabBar.swift; sourceTree = "<group>"; };
		58BA65CC2496CB8D0001BE1E /* MainTabBarController.swift */ = {isa = PBXFileReference; lastKnownFileType = sourcecode.swift; path = MainTabBarController.swift; sourceTree = "<group>"; };
		58BABF2024A414B300F0C287 /* IconView.xib */ = {isa = PBXFileReference; lastKnownFileType = file.xib; path = IconView.xib; sourceTree = "<group>"; };
		58BABF2224A4170100F0C287 /* IconView.swift */ = {isa = PBXFileReference; lastKnownFileType = sourcecode.swift; path = IconView.swift; sourceTree = "<group>"; };
		58BAFE6D24A4012600B9A4A8 /* UIViewControllerExtentions.swift */ = {isa = PBXFileReference; lastKnownFileType = sourcecode.swift; path = UIViewControllerExtentions.swift; sourceTree = "<group>"; };
		58D5397724B5FF9D00F1ED4C /* en */ = {isa = PBXFileReference; lastKnownFileType = text.plist.strings; name = en; path = en.lproj/Localizable.strings; sourceTree = "<group>"; };
		58D5397924B5FFB600F1ED4C /* ru */ = {isa = PBXFileReference; lastKnownFileType = text.plist.strings; name = ru; path = ru.lproj/Localizable.strings; sourceTree = "<group>"; };
		58D5397A24B5FFC000F1ED4C /* de */ = {isa = PBXFileReference; lastKnownFileType = text.plist.strings; name = de; path = de.lproj/Localizable.strings; sourceTree = "<group>"; };
		58D5397B24B602B100F1ED4C /* String+Localization.swift */ = {isa = PBXFileReference; lastKnownFileType = sourcecode.swift; path = "String+Localization.swift"; sourceTree = "<group>"; };
		58E62CB22492D9F0006B0DCF /* DarkGradientButton.swift */ = {isa = PBXFileReference; lastKnownFileType = sourcecode.swift; path = DarkGradientButton.swift; sourceTree = "<group>"; };
		58E62CB42492DBF4006B0DCF /* UIView+gradient.swift */ = {isa = PBXFileReference; lastKnownFileType = sourcecode.swift; path = "UIView+gradient.swift"; sourceTree = "<group>"; };
		58E62CB62492DDE1006B0DCF /* UIColor+Hex.swift */ = {isa = PBXFileReference; lastKnownFileType = sourcecode.swift; path = "UIColor+Hex.swift"; sourceTree = "<group>"; };
		58E62CB82492E459006B0DCF /* UIView+CornerShadow.swift */ = {isa = PBXFileReference; lastKnownFileType = sourcecode.swift; path = "UIView+CornerShadow.swift"; sourceTree = "<group>"; };
		58F241B024734E8100F56681 /* FlatPhotoCollectionViewCell.swift */ = {isa = PBXFileReference; lastKnownFileType = sourcecode.swift; path = FlatPhotoCollectionViewCell.swift; sourceTree = "<group>"; };
		58F241B124734E8100F56681 /* FlatPhotoCollectionViewCell.xib */ = {isa = PBXFileReference; lastKnownFileType = file.xib; path = FlatPhotoCollectionViewCell.xib; sourceTree = "<group>"; };
		58F241C92475F05100F56681 /* FlatDescriptionTableViewCell.swift */ = {isa = PBXFileReference; lastKnownFileType = sourcecode.swift; path = FlatDescriptionTableViewCell.swift; sourceTree = "<group>"; };
		58F241CA2475F05100F56681 /* FlatDescriptionTableViewCell.xib */ = {isa = PBXFileReference; lastKnownFileType = file.xib; path = FlatDescriptionTableViewCell.xib; sourceTree = "<group>"; };
		DB325944346686C35CB7D748 /* Pods-FlatQuestionTests.debug.xcconfig */ = {isa = PBXFileReference; includeInIndex = 1; lastKnownFileType = text.xcconfig; name = "Pods-FlatQuestionTests.debug.xcconfig"; path = "Target Support Files/Pods-FlatQuestionTests/Pods-FlatQuestionTests.debug.xcconfig"; sourceTree = "<group>"; };
		DD97DF30063FF9D4556F8955 /* Pods_FlatQuestion_FlatQuestionUITests.framework */ = {isa = PBXFileReference; explicitFileType = wrapper.framework; includeInIndex = 0; path = Pods_FlatQuestion_FlatQuestionUITests.framework; sourceTree = BUILT_PRODUCTS_DIR; };
		EF0E1634935991A5CE481015 /* Pods-FlatQuestion-FlatQuestionUITests.debug.xcconfig */ = {isa = PBXFileReference; includeInIndex = 1; lastKnownFileType = text.xcconfig; name = "Pods-FlatQuestion-FlatQuestionUITests.debug.xcconfig"; path = "Target Support Files/Pods-FlatQuestion-FlatQuestionUITests/Pods-FlatQuestion-FlatQuestionUITests.debug.xcconfig"; sourceTree = "<group>"; };
		F5F0FB1E3BEB54F5531A977A /* Pods-FlatQuestion-FlatQuestionUITests.release.xcconfig */ = {isa = PBXFileReference; includeInIndex = 1; lastKnownFileType = text.xcconfig; name = "Pods-FlatQuestion-FlatQuestionUITests.release.xcconfig"; path = "Target Support Files/Pods-FlatQuestion-FlatQuestionUITests/Pods-FlatQuestion-FlatQuestionUITests.release.xcconfig"; sourceTree = "<group>"; };
		FA063E6C247D820300CBF52A /* VkUser.swift */ = {isa = PBXFileReference; lastKnownFileType = sourcecode.swift; path = VkUser.swift; sourceTree = "<group>"; };
		FA063E6E247D8AA900CBF52A /* AppUser.swift */ = {isa = PBXFileReference; lastKnownFileType = sourcecode.swift; path = AppUser.swift; sourceTree = "<group>"; };
		FA063E70247D90AA00CBF52A /* UIViewControllerExtensions.swift */ = {isa = PBXFileReference; lastKnownFileType = sourcecode.swift; path = UIViewControllerExtensions.swift; sourceTree = "<group>"; };
		FA35BCB324C0F62400703FAE /* StringExtensions.swift */ = {isa = PBXFileReference; lastKnownFileType = sourcecode.swift; path = StringExtensions.swift; sourceTree = "<group>"; };
		FA35BCB524C0F82A00703FAE /* NSObjectExtensions.swift */ = {isa = PBXFileReference; lastKnownFileType = sourcecode.swift; path = NSObjectExtensions.swift; sourceTree = "<group>"; };
		FA3766BF247328930052DB9B /* LoginViewController.swift */ = {isa = PBXFileReference; lastKnownFileType = sourcecode.swift; path = LoginViewController.swift; sourceTree = "<group>"; };
		FA3766C0247328930052DB9B /* LoginViewController.xib */ = {isa = PBXFileReference; lastKnownFileType = file.xib; path = LoginViewController.xib; sourceTree = "<group>"; };
		FA3766C324732DEC0052DB9B /* RegistrationViewController.swift */ = {isa = PBXFileReference; lastKnownFileType = sourcecode.swift; path = RegistrationViewController.swift; sourceTree = "<group>"; };
		FA3766C424732DEC0052DB9B /* RegistrationViewController.xib */ = {isa = PBXFileReference; lastKnownFileType = file.xib; path = RegistrationViewController.xib; sourceTree = "<group>"; };
		FA3E30242492CFAE0089290F /* Constants.swift */ = {isa = PBXFileReference; lastKnownFileType = sourcecode.swift; path = Constants.swift; sourceTree = "<group>"; };
		FA59DC5324A9212F0057FD25 /* ProfileViewController.swift */ = {isa = PBXFileReference; lastKnownFileType = sourcecode.swift; path = ProfileViewController.swift; sourceTree = "<group>"; };
		FA88D4E62475DDB9005DA624 /* SwiftyJson.swift */ = {isa = PBXFileReference; lastKnownFileType = sourcecode.swift; path = SwiftyJson.swift; sourceTree = "<group>"; };
		FAA22EB524903A80004C4ACC /* ActivityIndicatorHelper.swift */ = {isa = PBXFileReference; lastKnownFileType = sourcecode.swift; path = ActivityIndicatorHelper.swift; sourceTree = "<group>"; };
		FAA64E1D24BFAA9D0080FAE1 /* CommentTableViewCell.swift */ = {isa = PBXFileReference; lastKnownFileType = sourcecode.swift; path = CommentTableViewCell.swift; sourceTree = "<group>"; };
		FAA64E1E24BFAA9D0080FAE1 /* CommentTableViewCell.xib */ = {isa = PBXFileReference; lastKnownFileType = file.xib; path = CommentTableViewCell.xib; sourceTree = "<group>"; };
		FAAB900A249AC7C000E38C98 /* UserSettings.swift */ = {isa = PBXFileReference; lastKnownFileType = sourcecode.swift; path = UserSettings.swift; sourceTree = "<group>"; };
		FAAB900C249AC97700E38C98 /* DecodeHelper.swift */ = {isa = PBXFileReference; lastKnownFileType = sourcecode.swift; path = DecodeHelper.swift; sourceTree = "<group>"; };
		FAB4024F24BCEDA500B20653 /* Comment.swift */ = {isa = PBXFileReference; lastKnownFileType = sourcecode.swift; path = Comment.swift; sourceTree = "<group>"; };
		FAB4025124BCF12800B20653 /* Rate.swift */ = {isa = PBXFileReference; lastKnownFileType = sourcecode.swift; path = Rate.swift; sourceTree = "<group>"; };
		FAC45F39247441CF00BBA016 /* FlatQuestionDebug.entitlements */ = {isa = PBXFileReference; lastKnownFileType = text.plist.entitlements; path = FlatQuestionDebug.entitlements; sourceTree = "<group>"; };
		FAC45F3A2474459A00BBA016 /* GoogleService-Info.plist */ = {isa = PBXFileReference; fileEncoding = 4; lastKnownFileType = text.plist.xml; path = "GoogleService-Info.plist"; sourceTree = "<group>"; };
		FADD4DB6247F11F10055FCB1 /* R.generated.swift */ = {isa = PBXFileReference; fileEncoding = 4; lastKnownFileType = sourcecode.swift; path = R.generated.swift; sourceTree = SOURCE_ROOT; };
		FADD4DB8247F12FD0055FCB1 /* ResetPasswordViewController.swift */ = {isa = PBXFileReference; lastKnownFileType = sourcecode.swift; path = ResetPasswordViewController.swift; sourceTree = "<group>"; };
		FADD4DB9247F12FD0055FCB1 /* ResetPasswordViewController.xib */ = {isa = PBXFileReference; lastKnownFileType = file.xib; path = ResetPasswordViewController.xib; sourceTree = "<group>"; };
		FAE40EF62482ED850097879E /* PaddedTextField.swift */ = {isa = PBXFileReference; lastKnownFileType = sourcecode.swift; path = PaddedTextField.swift; sourceTree = "<group>"; };
		FAE40EF82482EFBE0097879E /* UIViewExtensions.swift */ = {isa = PBXFileReference; lastKnownFileType = sourcecode.swift; path = UIViewExtensions.swift; sourceTree = "<group>"; };
		FAE40EFA2482FBEA0097879E /* UIColorExtensions.swift */ = {isa = PBXFileReference; lastKnownFileType = sourcecode.swift; path = UIColorExtensions.swift; sourceTree = "<group>"; };
/* End PBXFileReference section */

/* Begin PBXFrameworksBuildPhase section */
		58B8DACB246B474100584B20 /* Frameworks */ = {
			isa = PBXFrameworksBuildPhase;
			buildActionMask = 2147483647;
			files = (
				8B69C140BCB0FC9EF701D193 /* Pods_FlatQuestion.framework in Frameworks */,
			);
			runOnlyForDeploymentPostprocessing = 0;
		};
		58B8DAE1246B474200584B20 /* Frameworks */ = {
			isa = PBXFrameworksBuildPhase;
			buildActionMask = 2147483647;
			files = (
				3E262A8E5859B4E5978E52ED /* Pods_FlatQuestionTests.framework in Frameworks */,
			);
			runOnlyForDeploymentPostprocessing = 0;
		};
		58B8DAEC246B474200584B20 /* Frameworks */ = {
			isa = PBXFrameworksBuildPhase;
			buildActionMask = 2147483647;
			files = (
				0556E73A068B953DFDAAED9B /* Pods_FlatQuestion_FlatQuestionUITests.framework in Frameworks */,
			);
			runOnlyForDeploymentPostprocessing = 0;
		};
/* End PBXFrameworksBuildPhase section */

/* Begin PBXGroup section */
		13E5638E832756A774522849 /* Pods */ = {
			isa = PBXGroup;
			children = (
				4B12B0AC463ED6DC74DFB6B5 /* Pods-FlatQuestion.debug.xcconfig */,
				4954ACF5F255F19985DC1012 /* Pods-FlatQuestion.release.xcconfig */,
				EF0E1634935991A5CE481015 /* Pods-FlatQuestion-FlatQuestionUITests.debug.xcconfig */,
				F5F0FB1E3BEB54F5531A977A /* Pods-FlatQuestion-FlatQuestionUITests.release.xcconfig */,
				DB325944346686C35CB7D748 /* Pods-FlatQuestionTests.debug.xcconfig */,
				3B6034952C0FB0C43A06DAF9 /* Pods-FlatQuestionTests.release.xcconfig */,
			);
			path = Pods;
			sourceTree = "<group>";
		};
		586A9314249ABE620045CF92 /* Buttons */ = {
			isa = PBXGroup;
			children = (
				58E62CB22492D9F0006B0DCF /* DarkGradientButton.swift */,
				586A9315249ABEDB0045CF92 /* WhiteGradientButton.swift */,
				5811AFEE24A2B11500BF8321 /* LoadingUtils.swift */,
			);
			path = Buttons;
			sourceTree = "<group>";
		};
		5882CFC324AA87DE00D8417E /* EditProfile */ = {
			isa = PBXGroup;
			children = (
				5882CFC424AA87FC00D8417E /* EditProfileViewController.swift */,
				5882CFC524AA87FC00D8417E /* EditProfileViewController.xib */,
			);
			path = EditProfile;
			sourceTree = "<group>";
		};
		588ED8A024A1772900659512 /* SearchViewController */ = {
			isa = PBXGroup;
			children = (
				588ED8A124A1777800659512 /* SearchViewController.swift */,
				588ED8A224A1777800659512 /* SearchViewController.xib */,
			);
			path = SearchViewController;
			sourceTree = "<group>";
		};
		58B8DAC5246B474100584B20 = {
			isa = PBXGroup;
			children = (
				58B8DAD0246B474100584B20 /* FlatQuestion */,
				58B8DAE7246B474200584B20 /* FlatQuestionTests */,
				58B8DAF2246B474200584B20 /* FlatQuestionUITests */,
				58B8DACF246B474100584B20 /* Products */,
				13E5638E832756A774522849 /* Pods */,
				F30CF10F61453D23C3310F0B /* Frameworks */,
			);
			sourceTree = "<group>";
		};
		58B8DACF246B474100584B20 /* Products */ = {
			isa = PBXGroup;
			children = (
				58B8DACE246B474100584B20 /* FlatQuestion.app */,
				58B8DAE4246B474200584B20 /* FlatQuestionTests.xctest */,
				58B8DAEF246B474200584B20 /* FlatQuestionUITests.xctest */,
			);
			name = Products;
			sourceTree = "<group>";
		};
		58B8DAD0246B474100584B20 /* FlatQuestion */ = {
			isa = PBXGroup;
			children = (
				FAA22EB424903A48004C4ACC /* Helpers */,
				FAE40EF52482ED6B0097879E /* Extended Controls */,
				FAC45F3A2474459A00BBA016 /* GoogleService-Info.plist */,
				FAC45F39247441CF00BBA016 /* FlatQuestionDebug.entitlements */,
				58B8DB31246CAD8B00584B20 /* Extensions */,
				58B8DB09246B66B600584B20 /* Resources */,
				58B8DB03246B493600584B20 /* Models */,
				58B8DB02246B492D00584B20 /* Views */,
				58B8DB01246B490C00584B20 /* ViewControllers */,
				58B8DAD1246B474100584B20 /* AppDelegate.swift */,
				58B8DAD3246B474100584B20 /* SceneDelegate.swift */,
				58B8DAD5246B474100584B20 /* ViewController.swift */,
				585B9BD4249973A800976A05 /* Notifications.storyboard */,
				585B9BD12499730900976A05 /* Profile.storyboard */,
				58B8DAD7246B474100584B20 /* Main.storyboard */,
				58B8DB04246B4D6C00584B20 /* Map.storyboard */,
				585B9BD6249973CD00976A05 /* Chat.storyboard */,
				58B8DADA246B474200584B20 /* Assets.xcassets */,
				58B8DADC246B474200584B20 /* LaunchScreen.storyboard */,
				58B8DADF246B474200584B20 /* Info.plist */,
				FA88D4E62475DDB9005DA624 /* SwiftyJson.swift */,
				58D5397824B5FF9D00F1ED4C /* Localizable.strings */,
			);
			path = FlatQuestion;
			sourceTree = "<group>";
		};
		58B8DAE7246B474200584B20 /* FlatQuestionTests */ = {
			isa = PBXGroup;
			children = (
				58B8DAE8246B474200584B20 /* FlatQuestionTests.swift */,
				58B8DAEA246B474200584B20 /* Info.plist */,
			);
			path = FlatQuestionTests;
			sourceTree = "<group>";
		};
		58B8DAF2246B474200584B20 /* FlatQuestionUITests */ = {
			isa = PBXGroup;
			children = (
				58B8DAF3246B474200584B20 /* FlatQuestionUITests.swift */,
				58B8DAF5246B474200584B20 /* Info.plist */,
			);
			path = FlatQuestionUITests;
			sourceTree = "<group>";
		};
		58B8DB01246B490C00584B20 /* ViewControllers */ = {
			isa = PBXGroup;
			children = (
				5882CFC324AA87DE00D8417E /* EditProfile */,
				588ED8A024A1772900659512 /* SearchViewController */,
				FAE40EF42482918F0097879E /* Reset Password */,
				FAE40EF3248291850097879E /* Registration */,
				FAE40EF22482917B0097879E /* Login */,
				58B8DB07246B60F100584B20 /* MapViewController.swift */,
				589CC3AD246DEAF200D4E400 /* FlatModalViewController.swift */,
				589CC3AE246DEAF200D4E400 /* FlatModalViewController.xib */,
				58BA65CC2496CB8D0001BE1E /* MainTabBarController.swift */,
				FA59DC5324A9212F0057FD25 /* ProfileViewController.swift */,
				585B9BD92499758200976A05 /* CreateFlatViewController.swift */,
				583F9EF624BFC4090056A8E5 /* AcceptModalViewController.swift */,
				583F9EF724BFC4090056A8E5 /* AcceptModalViewController.xib */,
				583F9EFA24BFCBA90056A8E5 /* TransparentBackgrounfModalPresenter.swift */,
				583F9EFC24BFD3B30056A8E5 /* SuccessViewController.swift */,
				583F9EFD24BFD3B30056A8E5 /* SuccessViewController.xib */,
				584E8C7D24C11C0600B4EAE6 /* NotificationsViewController.swift */,
			);
			path = ViewControllers;
			sourceTree = "<group>";
		};
		58B8DB02246B492D00584B20 /* Views */ = {
			isa = PBXGroup;
			children = (
				58B8DB10246C9C8400584B20 /* FlatCardCollectionViewCell.swift */,
				58B8DB11246C9C8400584B20 /* FlatCardCollectionViewCell.xib */,
				58F241B024734E8100F56681 /* FlatPhotoCollectionViewCell.swift */,
				58F241B124734E8100F56681 /* FlatPhotoCollectionViewCell.xib */,
				58F241C92475F05100F56681 /* FlatDescriptionTableViewCell.swift */,
				58F241CA2475F05100F56681 /* FlatDescriptionTableViewCell.xib */,
				5890182224774CF1001FBA21 /* TopMapSearchView.xib */,
				589018242477501B001FBA21 /* TopMapSearchView.swift */,
				586B69E9247F2070008B456D /* TopMapFilterCollectionViewCell.swift */,
				586B69EA247F2070008B456D /* TopMapFilterCollectionViewCell.xib */,
				584E8C8E24C3160E00B4EAE6 /* NotificationsTableViewCell.swift */,
				584E8C8F24C3160E00B4EAE6 /* NotificationsTableViewCell.xib */,
				FAA64E1D24BFAA9D0080FAE1 /* CommentTableViewCell.swift */,
				FAA64E1E24BFAA9D0080FAE1 /* CommentTableViewCell.xib */,
			);
			path = Views;
			sourceTree = "<group>";
		};
		58B8DB03246B493600584B20 /* Models */ = {
			isa = PBXGroup;
			children = (
				58B8DB2F246CA99000584B20 /* Flat.swift */,
				FA063E6C247D820300CBF52A /* VkUser.swift */,
				FA063E6E247D8AA900CBF52A /* AppUser.swift */,
				FAB4024F24BCEDA500B20653 /* Comment.swift */,
				FAB4025124BCF12800B20653 /* Rate.swift */,
				58B4E3FB24A00D8A00DBC71F /* FlatModel.swift */,
				583F9F0024C0B5B60056A8E5 /* FlatRequestModel.swift */,
			);
			path = Models;
			sourceTree = "<group>";
		};
		58B8DB09246B66B600584B20 /* Resources */ = {
			isa = PBXGroup;
			children = (
				FADD4DB6247F11F10055FCB1 /* R.generated.swift */,
				58B8DB16246C9FF300584B20 /* Fonts */,
				58B8DB0A246B66E100584B20 /* map.json */,
				FA3E30242492CFAE0089290F /* Constants.swift */,
			);
			path = Resources;
			sourceTree = "<group>";
		};
		58B8DB16246C9FF300584B20 /* Fonts */ = {
			isa = PBXGroup;
			children = (
				585B9BDD249990F400976A05 /* Apache License.txt */,
				585B9BDB249990F400976A05 /* Roboto-Black.ttf */,
				585B9BDF249990F500976A05 /* Roboto-BlackItalic.ttf */,
				585B9BE0249990F500976A05 /* Roboto-Bold.ttf */,
				585B9BE5249990F600976A05 /* Roboto-BoldItalic.ttf */,
				585B9BDE249990F500976A05 /* Roboto-Italic.ttf */,
				585B9BE7249990F600976A05 /* Roboto-Light.ttf */,
				585B9BDC249990F400976A05 /* Roboto-LightItalic.ttf */,
				585B9BE2249990F500976A05 /* Roboto-Medium.ttf */,
				585B9BE1249990F500976A05 /* Roboto-MediumItalic.ttf */,
				585B9BE4249990F600976A05 /* Roboto-Regular.ttf */,
				585B9BE6249990F600976A05 /* Roboto-Thin.ttf */,
				585B9BE3249990F600976A05 /* Roboto-ThinItalic.ttf */,
				58B8DB1F246CA00600584B20 /* SFProDisplay-Black.ttf */,
				58B8DB22246CA00600584B20 /* SFProDisplay-BlackItalic.ttf */,
				58B8DB19246CA00500584B20 /* SFProDisplay-Bold.ttf */,
				58B8DB1C246CA00500584B20 /* SFProDisplay-BoldItalic.ttf */,
				58B8DB21246CA00600584B20 /* SFProDisplay-Heavy.ttf */,
				58B8DB1B246CA00500584B20 /* SFProDisplay-HeavyItalic.ttf */,
				58B8DB20246CA00600584B20 /* SFProDisplay-Light.ttf */,
				58B8DB17246CA00500584B20 /* SFProDisplay-LightItalic.ttf */,
				58B8DB18246CA00500584B20 /* SFProDisplay-Medium.ttf */,
				58B8DB1A246CA00500584B20 /* SFProDisplay-MediumItalic.ttf */,
				58B8DB1D246CA00600584B20 /* SFProDisplay-Regular.ttf */,
				58B8DB1E246CA00600584B20 /* SFProDisplay-RegularItalic.ttf */,
			);
			path = Fonts;
			sourceTree = "<group>";
		};
		58B8DB31246CAD8B00584B20 /* Extensions */ = {
			isa = PBXGroup;
			children = (
				58BABF1F24A414A000F0C287 /* IconView */,
				586A9314249ABE620045CF92 /* Buttons */,
				58B8DB32246CADA700584B20 /* ReuseIdentifierProtocol.swift */,
				FA063E70247D90AA00CBF52A /* UIViewControllerExtensions.swift */,
				FAE40EF82482EFBE0097879E /* UIViewExtensions.swift */,
				FAE40EFA2482FBEA0097879E /* UIColorExtensions.swift */,
				58E62CB42492DBF4006B0DCF /* UIView+gradient.swift */,
				58E62CB62492DDE1006B0DCF /* UIColor+Hex.swift */,
				58E62CB82492E459006B0DCF /* UIView+CornerShadow.swift */,
				58BA65CA2496CAE60001BE1E /* MainMenuTabBar.swift */,
				FA35BCB324C0F62400703FAE /* StringExtensions.swift */,
				FA35BCB524C0F82A00703FAE /* NSObjectExtensions.swift */,
				58B4E3F924A0010000DBC71F /* FireBaseHelper.swift */,
				5811AFEC24A2AED300BF8321 /* Loadingable.swift */,
				5811AFF424A2B7B100BF8321 /* Closable.swift */,
				58BAFE6D24A4012600B9A4A8 /* UIViewControllerExtentions.swift */,
				58877A5724B3E509005138B8 /* TimeIntervalExtension.swift */,
				58D5397B24B602B100F1ED4C /* String+Localization.swift */,
				584DB0BA24BD166500E1AFC9 /* UIViewController+Alert.swift */,
				584DB0BC24BD16C800E1AFC9 /* GoogleMapsUtilsModels.swift */,
			);
			path = Extensions;
			sourceTree = "<group>";
		};
		58BABF1F24A414A000F0C287 /* IconView */ = {
			isa = PBXGroup;
			children = (
				58BABF2024A414B300F0C287 /* IconView.xib */,
				58BABF2224A4170100F0C287 /* IconView.swift */,
			);
			path = IconView;
			sourceTree = "<group>";
		};
		F30CF10F61453D23C3310F0B /* Frameworks */ = {
			isa = PBXGroup;
			children = (
				583F5FCF2471E923000F9ACF /* Alamofire.framework */,
				589CC3B5246DECCE00D4E400 /* SPStorkController.framework */,
				589CC3B1246DEC4800D4E400 /* SPStorkController.framework */,
				2480035DB96377F75447C64A /* Pods_FlatQuestion.framework */,
				DD97DF30063FF9D4556F8955 /* Pods_FlatQuestion_FlatQuestionUITests.framework */,
				47ACFFE37D36DDED35D76A8F /* Pods_FlatQuestionTests.framework */,
			);
			name = Frameworks;
			sourceTree = "<group>";
		};
		FAA22EB424903A48004C4ACC /* Helpers */ = {
			isa = PBXGroup;
			children = (
				FAA22EB524903A80004C4ACC /* ActivityIndicatorHelper.swift */,
				FAAB900A249AC7C000E38C98 /* UserSettings.swift */,
				FAAB900C249AC97700E38C98 /* DecodeHelper.swift */,
				5811AFEA24A2A0E200BF8321 /* DateFormatterHelper.swift */,
			);
			path = Helpers;
			sourceTree = "<group>";
		};
		FAE40EF22482917B0097879E /* Login */ = {
			isa = PBXGroup;
			children = (
				FA3766BF247328930052DB9B /* LoginViewController.swift */,
				FA3766C0247328930052DB9B /* LoginViewController.xib */,
			);
			path = Login;
			sourceTree = "<group>";
		};
		FAE40EF3248291850097879E /* Registration */ = {
			isa = PBXGroup;
			children = (
				FA3766C324732DEC0052DB9B /* RegistrationViewController.swift */,
				FA3766C424732DEC0052DB9B /* RegistrationViewController.xib */,
			);
			path = Registration;
			sourceTree = "<group>";
		};
		FAE40EF42482918F0097879E /* Reset Password */ = {
			isa = PBXGroup;
			children = (
				FADD4DB8247F12FD0055FCB1 /* ResetPasswordViewController.swift */,
				FADD4DB9247F12FD0055FCB1 /* ResetPasswordViewController.xib */,
			);
			path = "Reset Password";
			sourceTree = "<group>";
		};
		FAE40EF52482ED6B0097879E /* Extended Controls */ = {
			isa = PBXGroup;
			children = (
				FAE40EF62482ED850097879E /* PaddedTextField.swift */,
			);
			path = "Extended Controls";
			sourceTree = "<group>";
		};
/* End PBXGroup section */

/* Begin PBXNativeTarget section */
		58B8DACD246B474100584B20 /* FlatQuestion */ = {
			isa = PBXNativeTarget;
			buildConfigurationList = 58B8DAF8246B474200584B20 /* Build configuration list for PBXNativeTarget "FlatQuestion" */;
			buildPhases = (
				CF3DA0A34977A5204BAE7357 /* [CP] Check Pods Manifest.lock */,
				58B8DACA246B474100584B20 /* Sources */,
				58B8DACB246B474100584B20 /* Frameworks */,
				58B8DACC246B474100584B20 /* Resources */,
				780BACC693068BE92F499432 /* [CP] Copy Pods Resources */,
				CBFFA3F5178BFD0D6FB48334 /* [CP] Embed Pods Frameworks */,
			);
			buildRules = (
			);
			dependencies = (
			);
			name = FlatQuestion;
			productName = FlatQuestion;
			productReference = 58B8DACE246B474100584B20 /* FlatQuestion.app */;
			productType = "com.apple.product-type.application";
		};
		58B8DAE3246B474200584B20 /* FlatQuestionTests */ = {
			isa = PBXNativeTarget;
			buildConfigurationList = 58B8DAFB246B474200584B20 /* Build configuration list for PBXNativeTarget "FlatQuestionTests" */;
			buildPhases = (
				D0541609B2CFAA57D6EF29FB /* [CP] Check Pods Manifest.lock */,
				58B8DAE0246B474200584B20 /* Sources */,
				58B8DAE1246B474200584B20 /* Frameworks */,
				58B8DAE2246B474200584B20 /* Resources */,
			);
			buildRules = (
			);
			dependencies = (
				58B8DAE6246B474200584B20 /* PBXTargetDependency */,
			);
			name = FlatQuestionTests;
			productName = FlatQuestionTests;
			productReference = 58B8DAE4246B474200584B20 /* FlatQuestionTests.xctest */;
			productType = "com.apple.product-type.bundle.unit-test";
		};
		58B8DAEE246B474200584B20 /* FlatQuestionUITests */ = {
			isa = PBXNativeTarget;
			buildConfigurationList = 58B8DAFE246B474200584B20 /* Build configuration list for PBXNativeTarget "FlatQuestionUITests" */;
			buildPhases = (
				7DFA24CBABB9EA6D7B597AB0 /* [CP] Check Pods Manifest.lock */,
				58B8DAEB246B474200584B20 /* Sources */,
				58B8DAEC246B474200584B20 /* Frameworks */,
				58B8DAED246B474200584B20 /* Resources */,
				C4205FA4FC1865756EB7C202 /* [CP] Copy Pods Resources */,
				721424B92284EBB41A241D04 /* [CP] Embed Pods Frameworks */,
			);
			buildRules = (
			);
			dependencies = (
				58B8DAF1246B474200584B20 /* PBXTargetDependency */,
			);
			name = FlatQuestionUITests;
			productName = FlatQuestionUITests;
			productReference = 58B8DAEF246B474200584B20 /* FlatQuestionUITests.xctest */;
			productType = "com.apple.product-type.bundle.ui-testing";
		};
/* End PBXNativeTarget section */

/* Begin PBXProject section */
		58B8DAC6246B474100584B20 /* Project object */ = {
			isa = PBXProject;
			attributes = {
				LastSwiftUpdateCheck = 1130;
				LastUpgradeCheck = 1160;
				ORGANIZATIONNAME = "Андрей Олесов";
				TargetAttributes = {
					58B8DACD246B474100584B20 = {
						CreatedOnToolsVersion = 11.3.1;
					};
					58B8DAE3246B474200584B20 = {
						CreatedOnToolsVersion = 11.3.1;
						TestTargetID = 58B8DACD246B474100584B20;
					};
					58B8DAEE246B474200584B20 = {
						CreatedOnToolsVersion = 11.3.1;
						TestTargetID = 58B8DACD246B474100584B20;
					};
				};
			};
			buildConfigurationList = 58B8DAC9246B474100584B20 /* Build configuration list for PBXProject "FlatQuestion" */;
			compatibilityVersion = "Xcode 9.3";
			developmentRegion = en;
			hasScannedForEncodings = 0;
			knownRegions = (
				en,
				Base,
				ru,
				de,
			);
			mainGroup = 58B8DAC5246B474100584B20;
			productRefGroup = 58B8DACF246B474100584B20 /* Products */;
			projectDirPath = "";
			projectRoot = "";
			targets = (
				58B8DACD246B474100584B20 /* FlatQuestion */,
				58B8DAE3246B474200584B20 /* FlatQuestionTests */,
				58B8DAEE246B474200584B20 /* FlatQuestionUITests */,
			);
		};
/* End PBXProject section */

/* Begin PBXResourcesBuildPhase section */
		58B8DACC246B474100584B20 /* Resources */ = {
			isa = PBXResourcesBuildPhase;
			buildActionMask = 2147483647;
			files = (
				58B8DB2E246CA00600584B20 /* SFProDisplay-BlackItalic.ttf in Resources */,
				58D5397624B5FF9D00F1ED4C /* Localizable.strings in Resources */,
				58B8DB25246CA00600584B20 /* SFProDisplay-Bold.ttf in Resources */,
				585B9BF1249990F600976A05 /* Roboto-Regular.ttf in Resources */,
				585B9BE9249990F600976A05 /* Roboto-LightItalic.ttf in Resources */,
				58B8DB2A246CA00600584B20 /* SFProDisplay-RegularItalic.ttf in Resources */,
				58B8DB27246CA00600584B20 /* SFProDisplay-HeavyItalic.ttf in Resources */,
				58F241C124749DB200F56681 /* Assets.xcassets in Resources */,
				58BABF2124A414B400F0C287 /* IconView.xib in Resources */,
				585B9BE8249990F600976A05 /* Roboto-Black.ttf in Resources */,
				584E8C9124C3160E00B4EAE6 /* NotificationsTableViewCell.xib in Resources */,
				585B9BF2249990F600976A05 /* Roboto-BoldItalic.ttf in Resources */,
				58B8DB2D246CA00600584B20 /* SFProDisplay-Heavy.ttf in Resources */,
				FA3766C624732DEC0052DB9B /* RegistrationViewController.xib in Resources */,
				5882CFC724AA87FD00D8417E /* EditProfileViewController.xib in Resources */,
				FA3766C2247328930052DB9B /* LoginViewController.xib in Resources */,
				58B8DADE246B474200584B20 /* LaunchScreen.storyboard in Resources */,
				58B8DB29246CA00600584B20 /* SFProDisplay-Regular.ttf in Resources */,
				585B9BF3249990F600976A05 /* Roboto-Thin.ttf in Resources */,
				585B9BF0249990F600976A05 /* Roboto-ThinItalic.ttf in Resources */,
				58B8DB24246CA00600584B20 /* SFProDisplay-Medium.ttf in Resources */,
				58B8DB13246C9C8400584B20 /* FlatCardCollectionViewCell.xib in Resources */,
				588ED8A424A1777800659512 /* SearchViewController.xib in Resources */,
				585B9BED249990F600976A05 /* Roboto-Bold.ttf in Resources */,
				585B9BD5249973A800976A05 /* Notifications.storyboard in Resources */,
				58B8DB2C246CA00600584B20 /* SFProDisplay-Light.ttf in Resources */,
				FAA64E2024BFAA9D0080FAE1 /* CommentTableViewCell.xib in Resources */,
				589CC3B0246DEAF200D4E400 /* FlatModalViewController.xib in Resources */,
				585B9BEC249990F600976A05 /* Roboto-BlackItalic.ttf in Resources */,
				FADD4DBB247F12FD0055FCB1 /* ResetPasswordViewController.xib in Resources */,
				58B8DAD9246B474100584B20 /* Main.storyboard in Resources */,
				58B8DB23246CA00600584B20 /* SFProDisplay-LightItalic.ttf in Resources */,
				585B9BD8249973CD00976A05 /* Chat.storyboard in Resources */,
				5890182324774CF1001FBA21 /* TopMapSearchView.xib in Resources */,
				58B8DB26246CA00600584B20 /* SFProDisplay-MediumItalic.ttf in Resources */,
				585B9BEB249990F600976A05 /* Roboto-Italic.ttf in Resources */,
				58B8DB0B246B66E100584B20 /* map.json in Resources */,
				58F241CC2475F05100F56681 /* FlatDescriptionTableViewCell.xib in Resources */,
				583F9EFF24BFD3B30056A8E5 /* SuccessViewController.xib in Resources */,
				585B9BEF249990F600976A05 /* Roboto-Medium.ttf in Resources */,
				585B9BEE249990F600976A05 /* Roboto-MediumItalic.ttf in Resources */,
				58F241B324734E8100F56681 /* FlatPhotoCollectionViewCell.xib in Resources */,
				58B8DB06246B4D6C00584B20 /* Map.storyboard in Resources */,
				FAC45F3B2474459A00BBA016 /* GoogleService-Info.plist in Resources */,
				586B69EC247F2070008B456D /* TopMapFilterCollectionViewCell.xib in Resources */,
				583F9EF924BFC4090056A8E5 /* AcceptModalViewController.xib in Resources */,
				58B8DB28246CA00600584B20 /* SFProDisplay-BoldItalic.ttf in Resources */,
				585B9BD32499730900976A05 /* Profile.storyboard in Resources */,
				585B9BEA249990F600976A05 /* Apache License.txt in Resources */,
				58B8DB2B246CA00600584B20 /* SFProDisplay-Black.ttf in Resources */,
				585B9BF4249990F600976A05 /* Roboto-Light.ttf in Resources */,
			);
			runOnlyForDeploymentPostprocessing = 0;
		};
		58B8DAE2246B474200584B20 /* Resources */ = {
			isa = PBXResourcesBuildPhase;
			buildActionMask = 2147483647;
			files = (
			);
			runOnlyForDeploymentPostprocessing = 0;
		};
		58B8DAED246B474200584B20 /* Resources */ = {
			isa = PBXResourcesBuildPhase;
			buildActionMask = 2147483647;
			files = (
			);
			runOnlyForDeploymentPostprocessing = 0;
		};
/* End PBXResourcesBuildPhase section */

/* Begin PBXShellScriptBuildPhase section */
		721424B92284EBB41A241D04 /* [CP] Embed Pods Frameworks */ = {
			isa = PBXShellScriptBuildPhase;
			buildActionMask = 2147483647;
			files = (
			);
			inputFileListPaths = (
				"${PODS_ROOT}/Target Support Files/Pods-FlatQuestion-FlatQuestionUITests/Pods-FlatQuestion-FlatQuestionUITests-frameworks-${CONFIGURATION}-input-files.xcfilelist",
			);
			name = "[CP] Embed Pods Frameworks";
			outputFileListPaths = (
				"${PODS_ROOT}/Target Support Files/Pods-FlatQuestion-FlatQuestionUITests/Pods-FlatQuestion-FlatQuestionUITests-frameworks-${CONFIGURATION}-output-files.xcfilelist",
			);
			runOnlyForDeploymentPostprocessing = 0;
			shellPath = /bin/sh;
			shellScript = "\"${PODS_ROOT}/Target Support Files/Pods-FlatQuestion-FlatQuestionUITests/Pods-FlatQuestion-FlatQuestionUITests-frameworks.sh\"\n";
			showEnvVarsInLog = 0;
		};
		780BACC693068BE92F499432 /* [CP] Copy Pods Resources */ = {
			isa = PBXShellScriptBuildPhase;
			buildActionMask = 2147483647;
			files = (
			);
			inputFileListPaths = (
				"${PODS_ROOT}/Target Support Files/Pods-FlatQuestion/Pods-FlatQuestion-resources-${CONFIGURATION}-input-files.xcfilelist",
			);
			name = "[CP] Copy Pods Resources";
			outputFileListPaths = (
				"${PODS_ROOT}/Target Support Files/Pods-FlatQuestion/Pods-FlatQuestion-resources-${CONFIGURATION}-output-files.xcfilelist",
			);
			runOnlyForDeploymentPostprocessing = 0;
			shellPath = /bin/sh;
			shellScript = "\"${PODS_ROOT}/Target Support Files/Pods-FlatQuestion/Pods-FlatQuestion-resources.sh\"\n";
			showEnvVarsInLog = 0;
		};
		7DFA24CBABB9EA6D7B597AB0 /* [CP] Check Pods Manifest.lock */ = {
			isa = PBXShellScriptBuildPhase;
			buildActionMask = 2147483647;
			files = (
			);
			inputFileListPaths = (
			);
			inputPaths = (
				"${PODS_PODFILE_DIR_PATH}/Podfile.lock",
				"${PODS_ROOT}/Manifest.lock",
			);
			name = "[CP] Check Pods Manifest.lock";
			outputFileListPaths = (
			);
			outputPaths = (
				"$(DERIVED_FILE_DIR)/Pods-FlatQuestion-FlatQuestionUITests-checkManifestLockResult.txt",
			);
			runOnlyForDeploymentPostprocessing = 0;
			shellPath = /bin/sh;
			shellScript = "diff \"${PODS_PODFILE_DIR_PATH}/Podfile.lock\" \"${PODS_ROOT}/Manifest.lock\" > /dev/null\nif [ $? != 0 ] ; then\n    # print error to STDERR\n    echo \"error: The sandbox is not in sync with the Podfile.lock. Run 'pod install' or update your CocoaPods installation.\" >&2\n    exit 1\nfi\n# This output is used by Xcode 'outputs' to avoid re-running this script phase.\necho \"SUCCESS\" > \"${SCRIPT_OUTPUT_FILE_0}\"\n";
			showEnvVarsInLog = 0;
		};
		C4205FA4FC1865756EB7C202 /* [CP] Copy Pods Resources */ = {
			isa = PBXShellScriptBuildPhase;
			buildActionMask = 2147483647;
			files = (
			);
			inputFileListPaths = (
				"${PODS_ROOT}/Target Support Files/Pods-FlatQuestion-FlatQuestionUITests/Pods-FlatQuestion-FlatQuestionUITests-resources-${CONFIGURATION}-input-files.xcfilelist",
			);
			name = "[CP] Copy Pods Resources";
			outputFileListPaths = (
				"${PODS_ROOT}/Target Support Files/Pods-FlatQuestion-FlatQuestionUITests/Pods-FlatQuestion-FlatQuestionUITests-resources-${CONFIGURATION}-output-files.xcfilelist",
			);
			runOnlyForDeploymentPostprocessing = 0;
			shellPath = /bin/sh;
			shellScript = "\"${PODS_ROOT}/Target Support Files/Pods-FlatQuestion-FlatQuestionUITests/Pods-FlatQuestion-FlatQuestionUITests-resources.sh\"\n";
			showEnvVarsInLog = 0;
		};
		CBFFA3F5178BFD0D6FB48334 /* [CP] Embed Pods Frameworks */ = {
			isa = PBXShellScriptBuildPhase;
			buildActionMask = 2147483647;
			files = (
			);
			inputFileListPaths = (
				"${PODS_ROOT}/Target Support Files/Pods-FlatQuestion/Pods-FlatQuestion-frameworks-${CONFIGURATION}-input-files.xcfilelist",
			);
			name = "[CP] Embed Pods Frameworks";
			outputFileListPaths = (
				"${PODS_ROOT}/Target Support Files/Pods-FlatQuestion/Pods-FlatQuestion-frameworks-${CONFIGURATION}-output-files.xcfilelist",
			);
			runOnlyForDeploymentPostprocessing = 0;
			shellPath = /bin/sh;
			shellScript = "\"${PODS_ROOT}/Target Support Files/Pods-FlatQuestion/Pods-FlatQuestion-frameworks.sh\"\n";
			showEnvVarsInLog = 0;
		};
		CF3DA0A34977A5204BAE7357 /* [CP] Check Pods Manifest.lock */ = {
			isa = PBXShellScriptBuildPhase;
			buildActionMask = 2147483647;
			files = (
			);
			inputFileListPaths = (
			);
			inputPaths = (
				"${PODS_PODFILE_DIR_PATH}/Podfile.lock",
				"${PODS_ROOT}/Manifest.lock",
			);
			name = "[CP] Check Pods Manifest.lock";
			outputFileListPaths = (
			);
			outputPaths = (
				"$(DERIVED_FILE_DIR)/Pods-FlatQuestion-checkManifestLockResult.txt",
			);
			runOnlyForDeploymentPostprocessing = 0;
			shellPath = /bin/sh;
			shellScript = "diff \"${PODS_PODFILE_DIR_PATH}/Podfile.lock\" \"${PODS_ROOT}/Manifest.lock\" > /dev/null\nif [ $? != 0 ] ; then\n    # print error to STDERR\n    echo \"error: The sandbox is not in sync with the Podfile.lock. Run 'pod install' or update your CocoaPods installation.\" >&2\n    exit 1\nfi\n# This output is used by Xcode 'outputs' to avoid re-running this script phase.\necho \"SUCCESS\" > \"${SCRIPT_OUTPUT_FILE_0}\"\n";
			showEnvVarsInLog = 0;
		};
		D0541609B2CFAA57D6EF29FB /* [CP] Check Pods Manifest.lock */ = {
			isa = PBXShellScriptBuildPhase;
			buildActionMask = 2147483647;
			files = (
			);
			inputFileListPaths = (
			);
			inputPaths = (
				"${PODS_PODFILE_DIR_PATH}/Podfile.lock",
				"${PODS_ROOT}/Manifest.lock",
			);
			name = "[CP] Check Pods Manifest.lock";
			outputFileListPaths = (
			);
			outputPaths = (
				"$(DERIVED_FILE_DIR)/Pods-FlatQuestionTests-checkManifestLockResult.txt",
			);
			runOnlyForDeploymentPostprocessing = 0;
			shellPath = /bin/sh;
			shellScript = "diff \"${PODS_PODFILE_DIR_PATH}/Podfile.lock\" \"${PODS_ROOT}/Manifest.lock\" > /dev/null\nif [ $? != 0 ] ; then\n    # print error to STDERR\n    echo \"error: The sandbox is not in sync with the Podfile.lock. Run 'pod install' or update your CocoaPods installation.\" >&2\n    exit 1\nfi\n# This output is used by Xcode 'outputs' to avoid re-running this script phase.\necho \"SUCCESS\" > \"${SCRIPT_OUTPUT_FILE_0}\"\n";
			showEnvVarsInLog = 0;
		};
/* End PBXShellScriptBuildPhase section */

/* Begin PBXSourcesBuildPhase section */
		58B8DACA246B474100584B20 /* Sources */ = {
			isa = PBXSourcesBuildPhase;
			buildActionMask = 2147483647;
			files = (
				FA3766C1247328930052DB9B /* LoginViewController.swift in Sources */,
				584DB0BD24BD16C800E1AFC9 /* GoogleMapsUtilsModels.swift in Sources */,
				FA063E6F247D8AA900CBF52A /* AppUser.swift in Sources */,
				FAA22EB624903A80004C4ACC /* ActivityIndicatorHelper.swift in Sources */,
				FAE40EF72482ED850097879E /* PaddedTextField.swift in Sources */,
				58B4E3FA24A0010000DBC71F /* FireBaseHelper.swift in Sources */,
				FADD4DBA247F12FD0055FCB1 /* ResetPasswordViewController.swift in Sources */,
				FA88D4E72475DDB9005DA624 /* SwiftyJson.swift in Sources */,
				FAB4025024BCEDA500B20653 /* Comment.swift in Sources */,
				FAE40EFB2482FBEA0097879E /* UIColorExtensions.swift in Sources */,
				583F9EF824BFC4090056A8E5 /* AcceptModalViewController.swift in Sources */,
				5882CFC624AA87FD00D8417E /* EditProfileViewController.swift in Sources */,
				58BABF2324A4170100F0C287 /* IconView.swift in Sources */,
				58B8DB33246CADA700584B20 /* ReuseIdentifierProtocol.swift in Sources */,
				584DB0BB24BD166500E1AFC9 /* UIViewController+Alert.swift in Sources */,
				58BAFE6E24A4012600B9A4A8 /* UIViewControllerExtentions.swift in Sources */,
				5811AFEF24A2B11500BF8321 /* LoadingUtils.swift in Sources */,
				58D5397C24B602B100F1ED4C /* String+Localization.swift in Sources */,
				FA063E6D247D820300CBF52A /* VkUser.swift in Sources */,
				FA35BCB624C0F82A00703FAE /* NSObjectExtensions.swift in Sources */,
				583F9F0124C0B5B60056A8E5 /* FlatRequestModel.swift in Sources */,
				58F241B224734E8100F56681 /* FlatPhotoCollectionViewCell.swift in Sources */,
				5811AFED24A2AED300BF8321 /* Loadingable.swift in Sources */,
				58BA65CD2496CB8D0001BE1E /* MainTabBarController.swift in Sources */,
				58E62CB52492DBF4006B0DCF /* UIView+gradient.swift in Sources */,
				588ED8A324A1777800659512 /* SearchViewController.swift in Sources */,
				58B8DAD6246B474100584B20 /* ViewController.swift in Sources */,
				FA3E30252492CFAE0089290F /* Constants.swift in Sources */,
				FA063E71247D90AA00CBF52A /* UIViewControllerExtensions.swift in Sources */,
				584E8C7E24C11C0600B4EAE6 /* NotificationsViewController.swift in Sources */,
				5811AFF524A2B7B100BF8321 /* Closable.swift in Sources */,
				58B8DAD2246B474100584B20 /* AppDelegate.swift in Sources */,
				FA3766C524732DEC0052DB9B /* RegistrationViewController.swift in Sources */,
				585B9BDA2499758200976A05 /* CreateFlatViewController.swift in Sources */,
				58F241CB2475F05100F56681 /* FlatDescriptionTableViewCell.swift in Sources */,
				589CC3AF246DEAF200D4E400 /* FlatModalViewController.swift in Sources */,
				FAB4025224BCF12800B20653 /* Rate.swift in Sources */,
				583F9EFE24BFD3B30056A8E5 /* SuccessViewController.swift in Sources */,
				58E62CB92492E459006B0DCF /* UIView+CornerShadow.swift in Sources */,
				FA35BCB424C0F62400703FAE /* StringExtensions.swift in Sources */,
				589018252477501B001FBA21 /* TopMapSearchView.swift in Sources */,
				58B8DAD4246B474100584B20 /* SceneDelegate.swift in Sources */,
				584E8C9024C3160E00B4EAE6 /* NotificationsTableViewCell.swift in Sources */,
				58F06B3624C4F7B400A23520 /* FlatModel.swift in Sources */,
				58E62CB72492DDE1006B0DCF /* UIColor+Hex.swift in Sources */,
				58BA65CB2496CAE70001BE1E /* MainMenuTabBar.swift in Sources */,
				58B8DB08246B60F100584B20 /* MapViewController.swift in Sources */,
				586B69EB247F2070008B456D /* TopMapFilterCollectionViewCell.swift in Sources */,
				5811AFEB24A2A0E200BF8321 /* DateFormatterHelper.swift in Sources */,
				58E62CB32492D9F0006B0DCF /* DarkGradientButton.swift in Sources */,
				58B8DB30246CA99000584B20 /* Flat.swift in Sources */,
				FAE40EF92482EFBE0097879E /* UIViewExtensions.swift in Sources */,
				58877A5824B3E509005138B8 /* TimeIntervalExtension.swift in Sources */,
				FAAB900D249AC97700E38C98 /* DecodeHelper.swift in Sources */,
				FA59DC5424A9212F0057FD25 /* ProfileViewController.swift in Sources */,
				FAA64E1F24BFAA9D0080FAE1 /* CommentTableViewCell.swift in Sources */,
				58B8DB12246C9C8400584B20 /* FlatCardCollectionViewCell.swift in Sources */,
				583F9EFB24BFCBA90056A8E5 /* TransparentBackgrounfModalPresenter.swift in Sources */,
				FAAB900B249AC7C000E38C98 /* UserSettings.swift in Sources */,
				586A9316249ABEDB0045CF92 /* WhiteGradientButton.swift in Sources */,
			);
			runOnlyForDeploymentPostprocessing = 0;
		};
		58B8DAE0246B474200584B20 /* Sources */ = {
			isa = PBXSourcesBuildPhase;
			buildActionMask = 2147483647;
			files = (
				58B8DAE9246B474200584B20 /* FlatQuestionTests.swift in Sources */,
			);
			runOnlyForDeploymentPostprocessing = 0;
		};
		58B8DAEB246B474200584B20 /* Sources */ = {
			isa = PBXSourcesBuildPhase;
			buildActionMask = 2147483647;
			files = (
				58B8DAF4246B474200584B20 /* FlatQuestionUITests.swift in Sources */,
			);
			runOnlyForDeploymentPostprocessing = 0;
		};
/* End PBXSourcesBuildPhase section */

/* Begin PBXTargetDependency section */
		58B8DAE6246B474200584B20 /* PBXTargetDependency */ = {
			isa = PBXTargetDependency;
			target = 58B8DACD246B474100584B20 /* FlatQuestion */;
			targetProxy = 58B8DAE5246B474200584B20 /* PBXContainerItemProxy */;
		};
		58B8DAF1246B474200584B20 /* PBXTargetDependency */ = {
			isa = PBXTargetDependency;
			target = 58B8DACD246B474100584B20 /* FlatQuestion */;
			targetProxy = 58B8DAF0246B474200584B20 /* PBXContainerItemProxy */;
		};
/* End PBXTargetDependency section */

/* Begin PBXVariantGroup section */
		585B9BD12499730900976A05 /* Profile.storyboard */ = {
			isa = PBXVariantGroup;
			children = (
				585B9BD22499730900976A05 /* Base */,
			);
			name = Profile.storyboard;
			sourceTree = "<group>";
		};
		585B9BD6249973CD00976A05 /* Chat.storyboard */ = {
			isa = PBXVariantGroup;
			children = (
				585B9BD7249973CD00976A05 /* Base */,
			);
			name = Chat.storyboard;
			sourceTree = "<group>";
		};
		58B8DAD7246B474100584B20 /* Main.storyboard */ = {
			isa = PBXVariantGroup;
			children = (
				58B8DAD8246B474100584B20 /* Base */,
			);
			name = Main.storyboard;
			sourceTree = "<group>";
		};
		58B8DADC246B474200584B20 /* LaunchScreen.storyboard */ = {
			isa = PBXVariantGroup;
			children = (
				58B8DADD246B474200584B20 /* Base */,
			);
			name = LaunchScreen.storyboard;
			sourceTree = "<group>";
		};
		58B8DB04246B4D6C00584B20 /* Map.storyboard */ = {
			isa = PBXVariantGroup;
			children = (
				58B8DB05246B4D6C00584B20 /* Base */,
			);
			name = Map.storyboard;
			sourceTree = "<group>";
		};
		58D5397824B5FF9D00F1ED4C /* Localizable.strings */ = {
			isa = PBXVariantGroup;
			children = (
				58D5397724B5FF9D00F1ED4C /* en */,
				58D5397924B5FFB600F1ED4C /* ru */,
				58D5397A24B5FFC000F1ED4C /* de */,
			);
			name = Localizable.strings;
			sourceTree = "<group>";
		};
/* End PBXVariantGroup section */

/* Begin XCBuildConfiguration section */
		58B8DAF6246B474200584B20 /* Debug */ = {
			isa = XCBuildConfiguration;
			buildSettings = {
				ALWAYS_SEARCH_USER_PATHS = NO;
				CLANG_ANALYZER_LOCALIZABILITY_NONLOCALIZED = YES;
				CLANG_ANALYZER_NONNULL = YES;
				CLANG_ANALYZER_NUMBER_OBJECT_CONVERSION = YES_AGGRESSIVE;
				CLANG_CXX_LANGUAGE_STANDARD = "gnu++14";
				CLANG_CXX_LIBRARY = "libc++";
				CLANG_ENABLE_MODULES = YES;
				CLANG_ENABLE_OBJC_ARC = YES;
				CLANG_ENABLE_OBJC_WEAK = YES;
				CLANG_WARN_BLOCK_CAPTURE_AUTORELEASING = YES;
				CLANG_WARN_BOOL_CONVERSION = YES;
				CLANG_WARN_COMMA = YES;
				CLANG_WARN_CONSTANT_CONVERSION = YES;
				CLANG_WARN_DEPRECATED_OBJC_IMPLEMENTATIONS = YES;
				CLANG_WARN_DIRECT_OBJC_ISA_USAGE = YES_ERROR;
				CLANG_WARN_DOCUMENTATION_COMMENTS = YES;
				CLANG_WARN_EMPTY_BODY = YES;
				CLANG_WARN_ENUM_CONVERSION = YES;
				CLANG_WARN_INFINITE_RECURSION = YES;
				CLANG_WARN_INT_CONVERSION = YES;
				CLANG_WARN_NON_LITERAL_NULL_CONVERSION = YES;
				CLANG_WARN_OBJC_IMPLICIT_RETAIN_SELF = YES;
				CLANG_WARN_OBJC_LITERAL_CONVERSION = YES;
				CLANG_WARN_OBJC_ROOT_CLASS = YES_ERROR;
				CLANG_WARN_RANGE_LOOP_ANALYSIS = YES;
				CLANG_WARN_STRICT_PROTOTYPES = YES;
				CLANG_WARN_SUSPICIOUS_MOVE = YES;
				CLANG_WARN_UNGUARDED_AVAILABILITY = YES_AGGRESSIVE;
				CLANG_WARN_UNREACHABLE_CODE = YES;
				CLANG_WARN__DUPLICATE_METHOD_MATCH = YES;
				COPY_PHASE_STRIP = NO;
				DEBUG_INFORMATION_FORMAT = dwarf;
				ENABLE_STRICT_OBJC_MSGSEND = YES;
				ENABLE_TESTABILITY = YES;
				GCC_C_LANGUAGE_STANDARD = gnu11;
				GCC_DYNAMIC_NO_PIC = NO;
				GCC_NO_COMMON_BLOCKS = YES;
				GCC_OPTIMIZATION_LEVEL = 0;
				GCC_PREPROCESSOR_DEFINITIONS = (
					"DEBUG=1",
					"$(inherited)",
				);
				GCC_WARN_64_TO_32_BIT_CONVERSION = YES;
				GCC_WARN_ABOUT_RETURN_TYPE = YES_ERROR;
				GCC_WARN_UNDECLARED_SELECTOR = YES;
				GCC_WARN_UNINITIALIZED_AUTOS = YES_AGGRESSIVE;
				GCC_WARN_UNUSED_FUNCTION = YES;
				GCC_WARN_UNUSED_VARIABLE = YES;
				IPHONEOS_DEPLOYMENT_TARGET = 13.2;
				MTL_ENABLE_DEBUG_INFO = INCLUDE_SOURCE;
				MTL_FAST_MATH = YES;
				ONLY_ACTIVE_ARCH = YES;
				SDKROOT = iphoneos;
				SWIFT_ACTIVE_COMPILATION_CONDITIONS = DEBUG;
				SWIFT_OPTIMIZATION_LEVEL = "-Onone";
			};
			name = Debug;
		};
		58B8DAF7246B474200584B20 /* Release */ = {
			isa = XCBuildConfiguration;
			buildSettings = {
				ALWAYS_SEARCH_USER_PATHS = NO;
				CLANG_ANALYZER_LOCALIZABILITY_NONLOCALIZED = YES;
				CLANG_ANALYZER_NONNULL = YES;
				CLANG_ANALYZER_NUMBER_OBJECT_CONVERSION = YES_AGGRESSIVE;
				CLANG_CXX_LANGUAGE_STANDARD = "gnu++14";
				CLANG_CXX_LIBRARY = "libc++";
				CLANG_ENABLE_MODULES = YES;
				CLANG_ENABLE_OBJC_ARC = YES;
				CLANG_ENABLE_OBJC_WEAK = YES;
				CLANG_WARN_BLOCK_CAPTURE_AUTORELEASING = YES;
				CLANG_WARN_BOOL_CONVERSION = YES;
				CLANG_WARN_COMMA = YES;
				CLANG_WARN_CONSTANT_CONVERSION = YES;
				CLANG_WARN_DEPRECATED_OBJC_IMPLEMENTATIONS = YES;
				CLANG_WARN_DIRECT_OBJC_ISA_USAGE = YES_ERROR;
				CLANG_WARN_DOCUMENTATION_COMMENTS = YES;
				CLANG_WARN_EMPTY_BODY = YES;
				CLANG_WARN_ENUM_CONVERSION = YES;
				CLANG_WARN_INFINITE_RECURSION = YES;
				CLANG_WARN_INT_CONVERSION = YES;
				CLANG_WARN_NON_LITERAL_NULL_CONVERSION = YES;
				CLANG_WARN_OBJC_IMPLICIT_RETAIN_SELF = YES;
				CLANG_WARN_OBJC_LITERAL_CONVERSION = YES;
				CLANG_WARN_OBJC_ROOT_CLASS = YES_ERROR;
				CLANG_WARN_RANGE_LOOP_ANALYSIS = YES;
				CLANG_WARN_STRICT_PROTOTYPES = YES;
				CLANG_WARN_SUSPICIOUS_MOVE = YES;
				CLANG_WARN_UNGUARDED_AVAILABILITY = YES_AGGRESSIVE;
				CLANG_WARN_UNREACHABLE_CODE = YES;
				CLANG_WARN__DUPLICATE_METHOD_MATCH = YES;
				COPY_PHASE_STRIP = NO;
				DEBUG_INFORMATION_FORMAT = "dwarf-with-dsym";
				ENABLE_NS_ASSERTIONS = NO;
				ENABLE_STRICT_OBJC_MSGSEND = YES;
				GCC_C_LANGUAGE_STANDARD = gnu11;
				GCC_NO_COMMON_BLOCKS = YES;
				GCC_WARN_64_TO_32_BIT_CONVERSION = YES;
				GCC_WARN_ABOUT_RETURN_TYPE = YES_ERROR;
				GCC_WARN_UNDECLARED_SELECTOR = YES;
				GCC_WARN_UNINITIALIZED_AUTOS = YES_AGGRESSIVE;
				GCC_WARN_UNUSED_FUNCTION = YES;
				GCC_WARN_UNUSED_VARIABLE = YES;
				IPHONEOS_DEPLOYMENT_TARGET = 13.2;
				MTL_ENABLE_DEBUG_INFO = NO;
				MTL_FAST_MATH = YES;
				SDKROOT = iphoneos;
				SWIFT_COMPILATION_MODE = wholemodule;
				SWIFT_OPTIMIZATION_LEVEL = "-O";
				VALIDATE_PRODUCT = YES;
			};
			name = Release;
		};
		58B8DAF9246B474200584B20 /* Debug */ = {
			isa = XCBuildConfiguration;
			baseConfigurationReference = 4B12B0AC463ED6DC74DFB6B5 /* Pods-FlatQuestion.debug.xcconfig */;
			buildSettings = {
				ASSETCATALOG_COMPILER_APPICON_NAME = AppIcon;
				CODE_SIGN_ENTITLEMENTS = FlatQuestion/FlatQuestionDebug.entitlements;
				CODE_SIGN_IDENTITY = "Apple Development";
				CODE_SIGN_STYLE = Manual;
				DEVELOPMENT_TEAM = "";
				INFOPLIST_FILE = FlatQuestion/Info.plist;
				LD_RUNPATH_SEARCH_PATHS = (
					"$(inherited)",
					"@executable_path/Frameworks",
				);
				PRODUCT_BUNDLE_IDENTIFIER = com.flatquestion.FlatQuestion;
				PRODUCT_NAME = "$(TARGET_NAME)";
				PROVISIONING_PROFILE_SPECIFIER = "";
				SWIFT_VERSION = 5.0;
				TARGETED_DEVICE_FAMILY = "1,2";
			};
			name = Debug;
		};
		58B8DAFA246B474200584B20 /* Release */ = {
			isa = XCBuildConfiguration;
			baseConfigurationReference = 4954ACF5F255F19985DC1012 /* Pods-FlatQuestion.release.xcconfig */;
			buildSettings = {
				ASSETCATALOG_COMPILER_APPICON_NAME = AppIcon;
				CODE_SIGN_IDENTITY = "iPhone Developer";
				CODE_SIGN_STYLE = Manual;
				DEVELOPMENT_TEAM = QR8H234NQZ;
				INFOPLIST_FILE = FlatQuestion/Info.plist;
				LD_RUNPATH_SEARCH_PATHS = (
					"$(inherited)",
					"@executable_path/Frameworks",
				);
				PRODUCT_BUNDLE_IDENTIFIER = com.FlatQuestion;
				PRODUCT_NAME = "$(TARGET_NAME)";
				PROVISIONING_PROFILE_SPECIFIER = "VS: WildCard Development";
				SWIFT_VERSION = 5.0;
				TARGETED_DEVICE_FAMILY = "1,2";
			};
			name = Release;
		};
		58B8DAFC246B474200584B20 /* Debug */ = {
			isa = XCBuildConfiguration;
			baseConfigurationReference = DB325944346686C35CB7D748 /* Pods-FlatQuestionTests.debug.xcconfig */;
			buildSettings = {
				ALWAYS_EMBED_SWIFT_STANDARD_LIBRARIES = YES;
				BUNDLE_LOADER = "$(TEST_HOST)";
				CODE_SIGN_STYLE = Automatic;
				INFOPLIST_FILE = FlatQuestionTests/Info.plist;
				IPHONEOS_DEPLOYMENT_TARGET = 13.2;
				LD_RUNPATH_SEARCH_PATHS = (
					"$(inherited)",
					"@executable_path/Frameworks",
					"@loader_path/Frameworks",
				);
				PRODUCT_BUNDLE_IDENTIFIER = com..FlatQuestionTests;
				PRODUCT_NAME = "$(TARGET_NAME)";
				SWIFT_VERSION = 5.0;
				TARGETED_DEVICE_FAMILY = "1,2";
				TEST_HOST = "$(BUILT_PRODUCTS_DIR)/FlatQuestion.app/FlatQuestion";
			};
			name = Debug;
		};
		58B8DAFD246B474200584B20 /* Release */ = {
			isa = XCBuildConfiguration;
			baseConfigurationReference = 3B6034952C0FB0C43A06DAF9 /* Pods-FlatQuestionTests.release.xcconfig */;
			buildSettings = {
				ALWAYS_EMBED_SWIFT_STANDARD_LIBRARIES = YES;
				BUNDLE_LOADER = "$(TEST_HOST)";
				CODE_SIGN_STYLE = Automatic;
				INFOPLIST_FILE = FlatQuestionTests/Info.plist;
				IPHONEOS_DEPLOYMENT_TARGET = 13.2;
				LD_RUNPATH_SEARCH_PATHS = (
					"$(inherited)",
					"@executable_path/Frameworks",
					"@loader_path/Frameworks",
				);
				PRODUCT_BUNDLE_IDENTIFIER = com..FlatQuestionTests;
				PRODUCT_NAME = "$(TARGET_NAME)";
				SWIFT_VERSION = 5.0;
				TARGETED_DEVICE_FAMILY = "1,2";
				TEST_HOST = "$(BUILT_PRODUCTS_DIR)/FlatQuestion.app/FlatQuestion";
			};
			name = Release;
		};
		58B8DAFF246B474200584B20 /* Debug */ = {
			isa = XCBuildConfiguration;
			baseConfigurationReference = EF0E1634935991A5CE481015 /* Pods-FlatQuestion-FlatQuestionUITests.debug.xcconfig */;
			buildSettings = {
				ALWAYS_EMBED_SWIFT_STANDARD_LIBRARIES = YES;
				CODE_SIGN_STYLE = Automatic;
				INFOPLIST_FILE = FlatQuestionUITests/Info.plist;
				LD_RUNPATH_SEARCH_PATHS = (
					"$(inherited)",
					"@executable_path/Frameworks",
					"@loader_path/Frameworks",
				);
				PRODUCT_BUNDLE_IDENTIFIER = com..FlatQuestionUITests;
				PRODUCT_NAME = "$(TARGET_NAME)";
				SWIFT_VERSION = 5.0;
				TARGETED_DEVICE_FAMILY = "1,2";
				TEST_TARGET_NAME = FlatQuestion;
			};
			name = Debug;
		};
		58B8DB00246B474200584B20 /* Release */ = {
			isa = XCBuildConfiguration;
			baseConfigurationReference = F5F0FB1E3BEB54F5531A977A /* Pods-FlatQuestion-FlatQuestionUITests.release.xcconfig */;
			buildSettings = {
				ALWAYS_EMBED_SWIFT_STANDARD_LIBRARIES = YES;
				CODE_SIGN_STYLE = Automatic;
				INFOPLIST_FILE = FlatQuestionUITests/Info.plist;
				LD_RUNPATH_SEARCH_PATHS = (
					"$(inherited)",
					"@executable_path/Frameworks",
					"@loader_path/Frameworks",
				);
				PRODUCT_BUNDLE_IDENTIFIER = com..FlatQuestionUITests;
				PRODUCT_NAME = "$(TARGET_NAME)";
				SWIFT_VERSION = 5.0;
				TARGETED_DEVICE_FAMILY = "1,2";
				TEST_TARGET_NAME = FlatQuestion;
			};
			name = Release;
		};
/* End XCBuildConfiguration section */

/* Begin XCConfigurationList section */
		58B8DAC9246B474100584B20 /* Build configuration list for PBXProject "FlatQuestion" */ = {
			isa = XCConfigurationList;
			buildConfigurations = (
				58B8DAF6246B474200584B20 /* Debug */,
				58B8DAF7246B474200584B20 /* Release */,
			);
			defaultConfigurationIsVisible = 0;
			defaultConfigurationName = Release;
		};
		58B8DAF8246B474200584B20 /* Build configuration list for PBXNativeTarget "FlatQuestion" */ = {
			isa = XCConfigurationList;
			buildConfigurations = (
				58B8DAF9246B474200584B20 /* Debug */,
				58B8DAFA246B474200584B20 /* Release */,
			);
			defaultConfigurationIsVisible = 0;
			defaultConfigurationName = Release;
		};
		58B8DAFB246B474200584B20 /* Build configuration list for PBXNativeTarget "FlatQuestionTests" */ = {
			isa = XCConfigurationList;
			buildConfigurations = (
				58B8DAFC246B474200584B20 /* Debug */,
				58B8DAFD246B474200584B20 /* Release */,
			);
			defaultConfigurationIsVisible = 0;
			defaultConfigurationName = Release;
		};
		58B8DAFE246B474200584B20 /* Build configuration list for PBXNativeTarget "FlatQuestionUITests" */ = {
			isa = XCConfigurationList;
			buildConfigurations = (
				58B8DAFF246B474200584B20 /* Debug */,
				58B8DB00246B474200584B20 /* Release */,
			);
			defaultConfigurationIsVisible = 0;
			defaultConfigurationName = Release;
		};
/* End XCConfigurationList section */
	};
	rootObject = 58B8DAC6246B474100584B20 /* Project object */;
}
