// !$*UTF8*$!
{
	archiveVersion = 1;
	classes = {
	};
	objectVersion = 50;
	objects = {

/* Begin PBXBuildFile section */
		58B8DAD2246B474100584B20 /* AppDelegate.swift in Sources */ = {isa = PBXBuildFile; fileRef = 58B8DAD1246B474100584B20 /* AppDelegate.swift */; };
		58B8DAD4246B474100584B20 /* SceneDelegate.swift in Sources */ = {isa = PBXBuildFile; fileRef = 58B8DAD3246B474100584B20 /* SceneDelegate.swift */; };
		58B8DAD6246B474100584B20 /* ViewController.swift in Sources */ = {isa = PBXBuildFile; fileRef = 58B8DAD5246B474100584B20 /* ViewController.swift */; };
		58B8DAD9246B474100584B20 /* Main.storyboard in Resources */ = {isa = PBXBuildFile; fileRef = 58B8DAD7246B474100584B20 /* Main.storyboard */; };
		58B8DADB246B474200584B20 /* Assets.xcassets in Resources */ = {isa = PBXBuildFile; fileRef = 58B8DADA246B474200584B20 /* Assets.xcassets */; };
		58B8DADE246B474200584B20 /* LaunchScreen.storyboard in Resources */ = {isa = PBXBuildFile; fileRef = 58B8DADC246B474200584B20 /* LaunchScreen.storyboard */; };
		58B8DAE9246B474200584B20 /* FlatQuestionTests.swift in Sources */ = {isa = PBXBuildFile; fileRef = 58B8DAE8246B474200584B20 /* FlatQuestionTests.swift */; };
		58B8DAF4246B474200584B20 /* FlatQuestionUITests.swift in Sources */ = {isa = PBXBuildFile; fileRef = 58B8DAF3246B474200584B20 /* FlatQuestionUITests.swift */; };
		58B8DB06246B4D6C00584B20 /* Map.storyboard in Resources */ = {isa = PBXBuildFile; fileRef = 58B8DB04246B4D6C00584B20 /* Map.storyboard */; };
/* End PBXBuildFile section */

/* Begin PBXContainerItemProxy section */
		58B8DAE5246B474200584B20 /* PBXContainerItemProxy */ = {
			isa = PBXContainerItemProxy;
			containerPortal = 58B8DAC6246B474100584B20 /* Project object */;
			proxyType = 1;
			remoteGlobalIDString = 58B8DACD246B474100584B20;
			remoteInfo = FlatQuestion;
		};
		58B8DAF0246B474200584B20 /* PBXContainerItemProxy */ = {
			isa = PBXContainerItemProxy;
			containerPortal = 58B8DAC6246B474100584B20 /* Project object */;
			proxyType = 1;
			remoteGlobalIDString = 58B8DACD246B474100584B20;
			remoteInfo = FlatQuestion;
		};
/* End PBXContainerItemProxy section */

/* Begin PBXFileReference section */
		58B8DACE246B474100584B20 /* FlatQuestion.app */ = {isa = PBXFileReference; explicitFileType = wrapper.application; includeInIndex = 0; path = FlatQuestion.app; sourceTree = BUILT_PRODUCTS_DIR; };
		58B8DAD1246B474100584B20 /* AppDelegate.swift */ = {isa = PBXFileReference; lastKnownFileType = sourcecode.swift; path = AppDelegate.swift; sourceTree = "<group>"; };
		58B8DAD3246B474100584B20 /* SceneDelegate.swift */ = {isa = PBXFileReference; lastKnownFileType = sourcecode.swift; path = SceneDelegate.swift; sourceTree = "<group>"; };
		58B8DAD5246B474100584B20 /* ViewController.swift */ = {isa = PBXFileReference; lastKnownFileType = sourcecode.swift; path = ViewController.swift; sourceTree = "<group>"; };
		58B8DAD8246B474100584B20 /* Base */ = {isa = PBXFileReference; lastKnownFileType = file.storyboard; name = Base; path = Base.lproj/Main.storyboard; sourceTree = "<group>"; };
		58B8DADA246B474200584B20 /* Assets.xcassets */ = {isa = PBXFileReference; lastKnownFileType = folder.assetcatalog; path = Assets.xcassets; sourceTree = "<group>"; };
		58B8DADD246B474200584B20 /* Base */ = {isa = PBXFileReference; lastKnownFileType = file.storyboard; name = Base; path = Base.lproj/LaunchScreen.storyboard; sourceTree = "<group>"; };
		58B8DADF246B474200584B20 /* Info.plist */ = {isa = PBXFileReference; lastKnownFileType = text.plist.xml; path = Info.plist; sourceTree = "<group>"; };
		58B8DAE4246B474200584B20 /* FlatQuestionTests.xctest */ = {isa = PBXFileReference; explicitFileType = wrapper.cfbundle; includeInIndex = 0; path = FlatQuestionTests.xctest; sourceTree = BUILT_PRODUCTS_DIR; };
		58B8DAE8246B474200584B20 /* FlatQuestionTests.swift */ = {isa = PBXFileReference; lastKnownFileType = sourcecode.swift; path = FlatQuestionTests.swift; sourceTree = "<group>"; };
		58B8DAEA246B474200584B20 /* Info.plist */ = {isa = PBXFileReference; lastKnownFileType = text.plist.xml; path = Info.plist; sourceTree = "<group>"; };
		58B8DAEF246B474200584B20 /* FlatQuestionUITests.xctest */ = {isa = PBXFileReference; explicitFileType = wrapper.cfbundle; includeInIndex = 0; path = FlatQuestionUITests.xctest; sourceTree = BUILT_PRODUCTS_DIR; };
		58B8DAF3246B474200584B20 /* FlatQuestionUITests.swift */ = {isa = PBXFileReference; lastKnownFileType = sourcecode.swift; path = FlatQuestionUITests.swift; sourceTree = "<group>"; };
		58B8DAF5246B474200584B20 /* Info.plist */ = {isa = PBXFileReference; lastKnownFileType = text.plist.xml; path = Info.plist; sourceTree = "<group>"; };
		58B8DB05246B4D6C00584B20 /* Base */ = {isa = PBXFileReference; lastKnownFileType = file.storyboard; name = Base; path = FlatQuestion/Base.lproj/Map.storyboard; sourceTree = "<group>"; };
/* End PBXFileReference section */

/* Begin PBXFrameworksBuildPhase section */
		58B8DACB246B474100584B20 /* Frameworks */ = {
			isa = PBXFrameworksBuildPhase;
			buildActionMask = 2147483647;
			files = (
			);
			runOnlyForDeploymentPostprocessing = 0;
		};
		58B8DAE1246B474200584B20 /* Frameworks */ = {
			isa = PBXFrameworksBuildPhase;
			buildActionMask = 2147483647;
			files = (
			);
			runOnlyForDeploymentPostprocessing = 0;
		};
		58B8DAEC246B474200584B20 /* Frameworks */ = {
			isa = PBXFrameworksBuildPhase;
			buildActionMask = 2147483647;
			files = (
			);
			runOnlyForDeploymentPostprocessing = 0;
		};
/* End PBXFrameworksBuildPhase section */

/* Begin PBXGroup section */
		58B8DAC5246B474100584B20 = {
			isa = PBXGroup;
			children = (
				58B8DAD0246B474100584B20 /* FlatQuestion */,
				58B8DAE7246B474200584B20 /* FlatQuestionTests */,
				58B8DAF2246B474200584B20 /* FlatQuestionUITests */,
				58B8DACF246B474100584B20 /* Products */,
			);
			sourceTree = "<group>";
		};
		58B8DACF246B474100584B20 /* Products */ = {
			isa = PBXGroup;
			children = (
				58B8DACE246B474100584B20 /* FlatQuestion.app */,
				58B8DAE4246B474200584B20 /* FlatQuestionTests.xctest */,
				58B8DAEF246B474200584B20 /* FlatQuestionUITests.xctest */,
			);
			name = Products;
			sourceTree = "<group>";
		};
		58B8DAD0246B474100584B20 /* FlatQuestion */ = {
			isa = PBXGroup;
			children = (
				58B8DB03246B493600584B20 /* Models */,
				58B8DB02246B492D00584B20 /* Views */,
				58B8DB01246B490C00584B20 /* ViewControllers */,
				58B8DAD1246B474100584B20 /* AppDelegate.swift */,
				58B8DAD3246B474100584B20 /* SceneDelegate.swift */,
				58B8DAD5246B474100584B20 /* ViewController.swift */,
				58B8DAD7246B474100584B20 /* Main.storyboard */,
				58B8DB04246B4D6C00584B20 /* Map.storyboard */,
				58B8DADA246B474200584B20 /* Assets.xcassets */,
				58B8DADC246B474200584B20 /* LaunchScreen.storyboard */,
				58B8DADF246B474200584B20 /* Info.plist */,
			);
			path = FlatQuestion;
			sourceTree = "<group>";
		};
		58B8DAE7246B474200584B20 /* FlatQuestionTests */ = {
			isa = PBXGroup;
			children = (
				58B8DAE8246B474200584B20 /* FlatQuestionTests.swift */,
				58B8DAEA246B474200584B20 /* Info.plist */,
			);
			path = FlatQuestionTests;
			sourceTree = "<group>";
		};
		58B8DAF2246B474200584B20 /* FlatQuestionUITests */ = {
			isa = PBXGroup;
			children = (
				58B8DAF3246B474200584B20 /* FlatQuestionUITests.swift */,
				58B8DAF5246B474200584B20 /* Info.plist */,
			);
			path = FlatQuestionUITests;
			sourceTree = "<group>";
		};
		58B8DB01246B490C00584B20 /* ViewControllers */ = {
			isa = PBXGroup;
			children = (
			);
			path = ViewControllers;
			sourceTree = "<group>";
		};
		58B8DB02246B492D00584B20 /* Views */ = {
			isa = PBXGroup;
			children = (
			);
			path = Views;
			sourceTree = "<group>";
		};
		58B8DB03246B493600584B20 /* Models */ = {
			isa = PBXGroup;
			children = (
			);
			path = Models;
			sourceTree = "<group>";
		};
/* End PBXGroup section */

/* Begin PBXNativeTarget section */
		58B8DACD246B474100584B20 /* FlatQuestion */ = {
			isa = PBXNativeTarget;
			buildConfigurationList = 58B8DAF8246B474200584B20 /* Build configuration list for PBXNativeTarget "FlatQuestion" */;
			buildPhases = (
				58B8DACA246B474100584B20 /* Sources */,
				58B8DACB246B474100584B20 /* Frameworks */,
				58B8DACC246B474100584B20 /* Resources */,
			);
			buildRules = (
			);
			dependencies = (
			);
			name = FlatQuestion;
			productName = FlatQuestion;
			productReference = 58B8DACE246B474100584B20 /* FlatQuestion.app */;
			productType = "com.apple.product-type.application";
		};
		58B8DAE3246B474200584B20 /* FlatQuestionTests */ = {
			isa = PBXNativeTarget;
			buildConfigurationList = 58B8DAFB246B474200584B20 /* Build configuration list for PBXNativeTarget "FlatQuestionTests" */;
			buildPhases = (
				58B8DAE0246B474200584B20 /* Sources */,
				58B8DAE1246B474200584B20 /* Frameworks */,
				58B8DAE2246B474200584B20 /* Resources */,
			);
			buildRules = (
			);
			dependencies = (
				58B8DAE6246B474200584B20 /* PBXTargetDependency */,
			);
			name = FlatQuestionTests;
			productName = FlatQuestionTests;
			productReference = 58B8DAE4246B474200584B20 /* FlatQuestionTests.xctest */;
			productType = "com.apple.product-type.bundle.unit-test";
		};
		58B8DAEE246B474200584B20 /* FlatQuestionUITests */ = {
			isa = PBXNativeTarget;
			buildConfigurationList = 58B8DAFE246B474200584B20 /* Build configuration list for PBXNativeTarget "FlatQuestionUITests" */;
			buildPhases = (
				58B8DAEB246B474200584B20 /* Sources */,
				58B8DAEC246B474200584B20 /* Frameworks */,
				58B8DAED246B474200584B20 /* Resources */,
			);
			buildRules = (
			);
			dependencies = (
				58B8DAF1246B474200584B20 /* PBXTargetDependency */,
			);
			name = FlatQuestionUITests;
			productName = FlatQuestionUITests;
			productReference = 58B8DAEF246B474200584B20 /* FlatQuestionUITests.xctest */;
			productType = "com.apple.product-type.bundle.ui-testing";
		};
/* End PBXNativeTarget section */

/* Begin PBXProject section */
		58B8DAC6246B474100584B20 /* Project object */ = {
			isa = PBXProject;
			attributes = {
				LastSwiftUpdateCheck = 1130;
				LastUpgradeCheck = 1130;
				ORGANIZATIONNAME = "Андрей Олесов";
				TargetAttributes = {
					58B8DACD246B474100584B20 = {
						CreatedOnToolsVersion = 11.3.1;
					};
					58B8DAE3246B474200584B20 = {
						CreatedOnToolsVersion = 11.3.1;
						TestTargetID = 58B8DACD246B474100584B20;
					};
					58B8DAEE246B474200584B20 = {
						CreatedOnToolsVersion = 11.3.1;
						TestTargetID = 58B8DACD246B474100584B20;
					};
				};
			};
			buildConfigurationList = 58B8DAC9246B474100584B20 /* Build configuration list for PBXProject "FlatQuestion" */;
			compatibilityVersion = "Xcode 9.3";
			developmentRegion = en;
			hasScannedForEncodings = 0;
			knownRegions = (
				en,
				Base,
			);
			mainGroup = 58B8DAC5246B474100584B20;
			productRefGroup = 58B8DACF246B474100584B20 /* Products */;
			projectDirPath = "";
			projectRoot = "";
			targets = (
				58B8DACD246B474100584B20 /* FlatQuestion */,
				58B8DAE3246B474200584B20 /* FlatQuestionTests */,
				58B8DAEE246B474200584B20 /* FlatQuestionUITests */,
			);
		};
/* End PBXProject section */

/* Begin PBXResourcesBuildPhase section */
		58B8DACC246B474100584B20 /* Resources */ = {
			isa = PBXResourcesBuildPhase;
			buildActionMask = 2147483647;
			files = (
				58B8DADE246B474200584B20 /* LaunchScreen.storyboard in Resources */,
				58B8DADB246B474200584B20 /* Assets.xcassets in Resources */,
				58B8DAD9246B474100584B20 /* Main.storyboard in Resources */,
				58B8DB06246B4D6C00584B20 /* Map.storyboard in Resources */,
			);
			runOnlyForDeploymentPostprocessing = 0;
		};
		58B8DAE2246B474200584B20 /* Resources */ = {
			isa = PBXResourcesBuildPhase;
			buildActionMask = 2147483647;
			files = (
			);
			runOnlyForDeploymentPostprocessing = 0;
		};
		58B8DAED246B474200584B20 /* Resources */ = {
			isa = PBXResourcesBuildPhase;
			buildActionMask = 2147483647;
			files = (
			);
			runOnlyForDeploymentPostprocessing = 0;
		};
/* End PBXResourcesBuildPhase section */

/* Begin PBXSourcesBuildPhase section */
		58B8DACA246B474100584B20 /* Sources */ = {
			isa = PBXSourcesBuildPhase;
			buildActionMask = 2147483647;
			files = (
				58B8DAD6246B474100584B20 /* ViewController.swift in Sources */,
				58B8DAD2246B474100584B20 /* AppDelegate.swift in Sources */,
				58B8DAD4246B474100584B20 /* SceneDelegate.swift in Sources */,
			);
			runOnlyForDeploymentPostprocessing = 0;
		};
		58B8DAE0246B474200584B20 /* Sources */ = {
			isa = PBXSourcesBuildPhase;
			buildActionMask = 2147483647;
			files = (
				58B8DAE9246B474200584B20 /* FlatQuestionTests.swift in Sources */,
			);
			runOnlyForDeploymentPostprocessing = 0;
		};
		58B8DAEB246B474200584B20 /* Sources */ = {
			isa = PBXSourcesBuildPhase;
			buildActionMask = 2147483647;
			files = (
				58B8DAF4246B474200584B20 /* FlatQuestionUITests.swift in Sources */,
			);
			runOnlyForDeploymentPostprocessing = 0;
		};
/* End PBXSourcesBuildPhase section */

/* Begin PBXTargetDependency section */
		58B8DAE6246B474200584B20 /* PBXTargetDependency */ = {
			isa = PBXTargetDependency;
			target = 58B8DACD246B474100584B20 /* FlatQuestion */;
			targetProxy = 58B8DAE5246B474200584B20 /* PBXContainerItemProxy */;
		};
		58B8DAF1246B474200584B20 /* PBXTargetDependency */ = {
			isa = PBXTargetDependency;
			target = 58B8DACD246B474100584B20 /* FlatQuestion */;
			targetProxy = 58B8DAF0246B474200584B20 /* PBXContainerItemProxy */;
		};
/* End PBXTargetDependency section */

/* Begin PBXVariantGroup section */
		58B8DAD7246B474100584B20 /* Main.storyboard */ = {
			isa = PBXVariantGroup;
			children = (
				58B8DAD8246B474100584B20 /* Base */,
			);
			name = Main.storyboard;
			sourceTree = "<group>";
		};
		58B8DADC246B474200584B20 /* LaunchScreen.storyboard */ = {
			isa = PBXVariantGroup;
			children = (
				58B8DADD246B474200584B20 /* Base */,
			);
			name = LaunchScreen.storyboard;
			sourceTree = "<group>";
		};
		58B8DB04246B4D6C00584B20 /* Map.storyboard */ = {
			isa = PBXVariantGroup;
			children = (
				58B8DB05246B4D6C00584B20 /* Base */,
			);
			name = Map.storyboard;
			sourceTree = "<group>";
		};
/* End PBXVariantGroup section */

/* Begin XCBuildConfiguration section */
		58B8DAF6246B474200584B20 /* Debug */ = {
			isa = XCBuildConfiguration;
			buildSettings = {
				ALWAYS_SEARCH_USER_PATHS = NO;
				CLANG_ANALYZER_NONNULL = YES;
				CLANG_ANALYZER_NUMBER_OBJECT_CONVERSION = YES_AGGRESSIVE;
				CLANG_CXX_LANGUAGE_STANDARD = "gnu++14";
				CLANG_CXX_LIBRARY = "libc++";
				CLANG_ENABLE_MODULES = YES;
				CLANG_ENABLE_OBJC_ARC = YES;
				CLANG_ENABLE_OBJC_WEAK = YES;
				CLANG_WARN_BLOCK_CAPTURE_AUTORELEASING = YES;
				CLANG_WARN_BOOL_CONVERSION = YES;
				CLANG_WARN_COMMA = YES;
				CLANG_WARN_CONSTANT_CONVERSION = YES;
				CLANG_WARN_DEPRECATED_OBJC_IMPLEMENTATIONS = YES;
				CLANG_WARN_DIRECT_OBJC_ISA_USAGE = YES_ERROR;
				CLANG_WARN_DOCUMENTATION_COMMENTS = YES;
				CLANG_WARN_EMPTY_BODY = YES;
				CLANG_WARN_ENUM_CONVERSION = YES;
				CLANG_WARN_INFINITE_RECURSION = YES;
				CLANG_WARN_INT_CONVERSION = YES;
				CLANG_WARN_NON_LITERAL_NULL_CONVERSION = YES;
				CLANG_WARN_OBJC_IMPLICIT_RETAIN_SELF = YES;
				CLANG_WARN_OBJC_LITERAL_CONVERSION = YES;
				CLANG_WARN_OBJC_ROOT_CLASS = YES_ERROR;
				CLANG_WARN_RANGE_LOOP_ANALYSIS = YES;
				CLANG_WARN_STRICT_PROTOTYPES = YES;
				CLANG_WARN_SUSPICIOUS_MOVE = YES;
				CLANG_WARN_UNGUARDED_AVAILABILITY = YES_AGGRESSIVE;
				CLANG_WARN_UNREACHABLE_CODE = YES;
				CLANG_WARN__DUPLICATE_METHOD_MATCH = YES;
				COPY_PHASE_STRIP = NO;
				DEBUG_INFORMATION_FORMAT = dwarf;
				ENABLE_STRICT_OBJC_MSGSEND = YES;
				ENABLE_TESTABILITY = YES;
				GCC_C_LANGUAGE_STANDARD = gnu11;
				GCC_DYNAMIC_NO_PIC = NO;
				GCC_NO_COMMON_BLOCKS = YES;
				GCC_OPTIMIZATION_LEVEL = 0;
				GCC_PREPROCESSOR_DEFINITIONS = (
					"DEBUG=1",
					"$(inherited)",
				);
				GCC_WARN_64_TO_32_BIT_CONVERSION = YES;
				GCC_WARN_ABOUT_RETURN_TYPE = YES_ERROR;
				GCC_WARN_UNDECLARED_SELECTOR = YES;
				GCC_WARN_UNINITIALIZED_AUTOS = YES_AGGRESSIVE;
				GCC_WARN_UNUSED_FUNCTION = YES;
				GCC_WARN_UNUSED_VARIABLE = YES;
				IPHONEOS_DEPLOYMENT_TARGET = 13.2;
				MTL_ENABLE_DEBUG_INFO = INCLUDE_SOURCE;
				MTL_FAST_MATH = YES;
				ONLY_ACTIVE_ARCH = YES;
				SDKROOT = iphoneos;
				SWIFT_ACTIVE_COMPILATION_CONDITIONS = DEBUG;
				SWIFT_OPTIMIZATION_LEVEL = "-Onone";
			};
			name = Debug;
		};
		58B8DAF7246B474200584B20 /* Release */ = {
			isa = XCBuildConfiguration;
			buildSettings = {
				ALWAYS_SEARCH_USER_PATHS = NO;
				CLANG_ANALYZER_NONNULL = YES;
				CLANG_ANALYZER_NUMBER_OBJECT_CONVERSION = YES_AGGRESSIVE;
				CLANG_CXX_LANGUAGE_STANDARD = "gnu++14";
				CLANG_CXX_LIBRARY = "libc++";
				CLANG_ENABLE_MODULES = YES;
				CLANG_ENABLE_OBJC_ARC = YES;
				CLANG_ENABLE_OBJC_WEAK = YES;
				CLANG_WARN_BLOCK_CAPTURE_AUTORELEASING = YES;
				CLANG_WARN_BOOL_CONVERSION = YES;
				CLANG_WARN_COMMA = YES;
				CLANG_WARN_CONSTANT_CONVERSION = YES;
				CLANG_WARN_DEPRECATED_OBJC_IMPLEMENTATIONS = YES;
				CLANG_WARN_DIRECT_OBJC_ISA_USAGE = YES_ERROR;
				CLANG_WARN_DOCUMENTATION_COMMENTS = YES;
				CLANG_WARN_EMPTY_BODY = YES;
				CLANG_WARN_ENUM_CONVERSION = YES;
				CLANG_WARN_INFINITE_RECURSION = YES;
				CLANG_WARN_INT_CONVERSION = YES;
				CLANG_WARN_NON_LITERAL_NULL_CONVERSION = YES;
				CLANG_WARN_OBJC_IMPLICIT_RETAIN_SELF = YES;
				CLANG_WARN_OBJC_LITERAL_CONVERSION = YES;
				CLANG_WARN_OBJC_ROOT_CLASS = YES_ERROR;
				CLANG_WARN_RANGE_LOOP_ANALYSIS = YES;
				CLANG_WARN_STRICT_PROTOTYPES = YES;
				CLANG_WARN_SUSPICIOUS_MOVE = YES;
				CLANG_WARN_UNGUARDED_AVAILABILITY = YES_AGGRESSIVE;
				CLANG_WARN_UNREACHABLE_CODE = YES;
				CLANG_WARN__DUPLICATE_METHOD_MATCH = YES;
				COPY_PHASE_STRIP = NO;
				DEBUG_INFORMATION_FORMAT = "dwarf-with-dsym";
				ENABLE_NS_ASSERTIONS = NO;
				ENABLE_STRICT_OBJC_MSGSEND = YES;
				GCC_C_LANGUAGE_STANDARD = gnu11;
				GCC_NO_COMMON_BLOCKS = YES;
				GCC_WARN_64_TO_32_BIT_CONVERSION = YES;
				GCC_WARN_ABOUT_RETURN_TYPE = YES_ERROR;
				GCC_WARN_UNDECLARED_SELECTOR = YES;
				GCC_WARN_UNINITIALIZED_AUTOS = YES_AGGRESSIVE;
				GCC_WARN_UNUSED_FUNCTION = YES;
				GCC_WARN_UNUSED_VARIABLE = YES;
				IPHONEOS_DEPLOYMENT_TARGET = 13.2;
				MTL_ENABLE_DEBUG_INFO = NO;
				MTL_FAST_MATH = YES;
				SDKROOT = iphoneos;
				SWIFT_COMPILATION_MODE = wholemodule;
				SWIFT_OPTIMIZATION_LEVEL = "-O";
				VALIDATE_PRODUCT = YES;
			};
			name = Release;
		};
		58B8DAF9246B474200584B20 /* Debug */ = {
			isa = XCBuildConfiguration;
			buildSettings = {
				ASSETCATALOG_COMPILER_APPICON_NAME = AppIcon;
				CODE_SIGN_IDENTITY = "Apple Development";
				CODE_SIGN_STYLE = Automatic;
				DEVELOPMENT_TEAM = TT6B98BUL8;
				INFOPLIST_FILE = FlatQuestion/Info.plist;
				LD_RUNPATH_SEARCH_PATHS = (
					"$(inherited)",
					"@executable_path/Frameworks",
				);
				PRODUCT_BUNDLE_IDENTIFIER = com.FlatQuestion;
				PRODUCT_NAME = "$(TARGET_NAME)";
				PROVISIONING_PROFILE_SPECIFIER = "";
				SWIFT_VERSION = 5.0;
				TARGETED_DEVICE_FAMILY = 1;
			};
			name = Debug;
		};
		58B8DAFA246B474200584B20 /* Release */ = {
			isa = XCBuildConfiguration;
			buildSettings = {
				ASSETCATALOG_COMPILER_APPICON_NAME = AppIcon;
				CODE_SIGN_IDENTITY = "Apple Development";
				CODE_SIGN_STYLE = Automatic;
				DEVELOPMENT_TEAM = TT6B98BUL8;
				INFOPLIST_FILE = FlatQuestion/Info.plist;
				LD_RUNPATH_SEARCH_PATHS = (
					"$(inherited)",
					"@executable_path/Frameworks",
				);
				PRODUCT_BUNDLE_IDENTIFIER = com.FlatQuestion;
				PRODUCT_NAME = "$(TARGET_NAME)";
				PROVISIONING_PROFILE_SPECIFIER = "";
				SWIFT_VERSION = 5.0;
				TARGETED_DEVICE_FAMILY = 1;
			};
			name = Release;
		};
		58B8DAFC246B474200584B20 /* Debug */ = {
			isa = XCBuildConfiguration;
			buildSettings = {
				ALWAYS_EMBED_SWIFT_STANDARD_LIBRARIES = YES;
				BUNDLE_LOADER = "$(TEST_HOST)";
				CODE_SIGN_STYLE = Automatic;
				INFOPLIST_FILE = FlatQuestionTests/Info.plist;
				IPHONEOS_DEPLOYMENT_TARGET = 13.2;
				LD_RUNPATH_SEARCH_PATHS = (
					"$(inherited)",
					"@executable_path/Frameworks",
					"@loader_path/Frameworks",
				);
				PRODUCT_BUNDLE_IDENTIFIER = com..FlatQuestionTests;
				PRODUCT_NAME = "$(TARGET_NAME)";
				SWIFT_VERSION = 5.0;
				TARGETED_DEVICE_FAMILY = "1,2";
				TEST_HOST = "$(BUILT_PRODUCTS_DIR)/FlatQuestion.app/FlatQuestion";
			};
			name = Debug;
		};
		58B8DAFD246B474200584B20 /* Release */ = {
			isa = XCBuildConfiguration;
			buildSettings = {
				ALWAYS_EMBED_SWIFT_STANDARD_LIBRARIES = YES;
				BUNDLE_LOADER = "$(TEST_HOST)";
				CODE_SIGN_STYLE = Automatic;
				INFOPLIST_FILE = FlatQuestionTests/Info.plist;
				IPHONEOS_DEPLOYMENT_TARGET = 13.2;
				LD_RUNPATH_SEARCH_PATHS = (
					"$(inherited)",
					"@executable_path/Frameworks",
					"@loader_path/Frameworks",
				);
				PRODUCT_BUNDLE_IDENTIFIER = com..FlatQuestionTests;
				PRODUCT_NAME = "$(TARGET_NAME)";
				SWIFT_VERSION = 5.0;
				TARGETED_DEVICE_FAMILY = "1,2";
				TEST_HOST = "$(BUILT_PRODUCTS_DIR)/FlatQuestion.app/FlatQuestion";
			};
			name = Release;
		};
		58B8DAFF246B474200584B20 /* Debug */ = {
			isa = XCBuildConfiguration;
			buildSettings = {
				ALWAYS_EMBED_SWIFT_STANDARD_LIBRARIES = YES;
				CODE_SIGN_STYLE = Automatic;
				INFOPLIST_FILE = FlatQuestionUITests/Info.plist;
				LD_RUNPATH_SEARCH_PATHS = (
					"$(inherited)",
					"@executable_path/Frameworks",
					"@loader_path/Frameworks",
				);
				PRODUCT_BUNDLE_IDENTIFIER = com..FlatQuestionUITests;
				PRODUCT_NAME = "$(TARGET_NAME)";
				SWIFT_VERSION = 5.0;
				TARGETED_DEVICE_FAMILY = "1,2";
				TEST_TARGET_NAME = FlatQuestion;
			};
			name = Debug;
		};
		58B8DB00246B474200584B20 /* Release */ = {
			isa = XCBuildConfiguration;
			buildSettings = {
				ALWAYS_EMBED_SWIFT_STANDARD_LIBRARIES = YES;
				CODE_SIGN_STYLE = Automatic;
				INFOPLIST_FILE = FlatQuestionUITests/Info.plist;
				LD_RUNPATH_SEARCH_PATHS = (
					"$(inherited)",
					"@executable_path/Frameworks",
					"@loader_path/Frameworks",
				);
				PRODUCT_BUNDLE_IDENTIFIER = com..FlatQuestionUITests;
				PRODUCT_NAME = "$(TARGET_NAME)";
				SWIFT_VERSION = 5.0;
				TARGETED_DEVICE_FAMILY = "1,2";
				TEST_TARGET_NAME = FlatQuestion;
			};
			name = Release;
		};
/* End XCBuildConfiguration section */

/* Begin XCConfigurationList section */
		58B8DAC9246B474100584B20 /* Build configuration list for PBXProject "FlatQuestion" */ = {
			isa = XCConfigurationList;
			buildConfigurations = (
				58B8DAF6246B474200584B20 /* Debug */,
				58B8DAF7246B474200584B20 /* Release */,
			);
			defaultConfigurationIsVisible = 0;
			defaultConfigurationName = Release;
		};
		58B8DAF8246B474200584B20 /* Build configuration list for PBXNativeTarget "FlatQuestion" */ = {
			isa = XCConfigurationList;
			buildConfigurations = (
				58B8DAF9246B474200584B20 /* Debug */,
				58B8DAFA246B474200584B20 /* Release */,
			);
			defaultConfigurationIsVisible = 0;
			defaultConfigurationName = Release;
		};
		58B8DAFB246B474200584B20 /* Build configuration list for PBXNativeTarget "FlatQuestionTests" */ = {
			isa = XCConfigurationList;
			buildConfigurations = (
				58B8DAFC246B474200584B20 /* Debug */,
				58B8DAFD246B474200584B20 /* Release */,
			);
			defaultConfigurationIsVisible = 0;
			defaultConfigurationName = Release;
		};
		58B8DAFE246B474200584B20 /* Build configuration list for PBXNativeTarget "FlatQuestionUITests" */ = {
			isa = XCConfigurationList;
			buildConfigurations = (
				58B8DAFF246B474200584B20 /* Debug */,
				58B8DB00246B474200584B20 /* Release */,
			);
			defaultConfigurationIsVisible = 0;
			defaultConfigurationName = Release;
		};
/* End XCConfigurationList section */
	};
	rootObject = 58B8DAC6246B474100584B20 /* Project object */;
}
